// !$*UTF8*$!
{
	archiveVersion = 1;
	classes = {
	};
	objectVersion = 50;
	objects = {

/* Begin PBXBuildFile section */
		9D0409A4275332D400F04A98 /* TOSegmentedControlSegment.m in Sources */ = {isa = PBXBuildFile; fileRef = 9D0409A1275332D400F04A98 /* TOSegmentedControlSegment.m */; };
		9D0409A5275332D400F04A98 /* TOSegmentedControl.m in Sources */ = {isa = PBXBuildFile; fileRef = 9D0409A3275332D400F04A98 /* TOSegmentedControl.m */; };
		9D449865241D2D56003FBAA2 /* UIImage+Utility.mm in Sources */ = {isa = PBXBuildFile; fileRef = 9D449864241D2D56003FBAA2 /* UIImage+Utility.mm */; };
		9D49E7A12504BA1D00DD81D7 /* TNNFaceDetectAlignerViewModel.mm in Sources */ = {isa = PBXBuildFile; fileRef = 9D49E79F2504BA1D00DD81D7 /* TNNFaceDetectAlignerViewModel.mm */; };
		9D49E7A42504BB5D00DD81D7 /* face_detect_aligner.cc in Sources */ = {isa = PBXBuildFile; fileRef = 9D49E7A22504BB5D00DD81D7 /* face_detect_aligner.cc */; };
		9D6A9F5F24268DD3000A5417 /* CoreMedia.framework in Frameworks */ = {isa = PBXBuildFile; fileRef = 9D6A9F5E24268DD3000A5417 /* CoreMedia.framework */; };
		9D71E78B24C0AF4200074C1A /* TNNBoundingBox.mm in Sources */ = {isa = PBXBuildFile; fileRef = 9D71E78A24C0AF4200074C1A /* TNNBoundingBox.mm */; };
		9D71E79324C1980700074C1A /* tnn_fps_counter.cc in Sources */ = {isa = PBXBuildFile; fileRef = 9D71E79124C1980700074C1A /* tnn_fps_counter.cc */; };
		9D71E79C24C4E92A00074C1A /* synset.txt in Resources */ = {isa = PBXBuildFile; fileRef = 9D71E79824C4E92A00074C1A /* synset.txt */; };
		9D71E79D24C4E92A00074C1A /* TNNImageClassifyController.mm in Sources */ = {isa = PBXBuildFile; fileRef = 9D71E79A24C4E92A00074C1A /* TNNImageClassifyController.mm */; };
		9D71E79E24C4E92A00074C1A /* tiger_cat.jpg in Resources */ = {isa = PBXBuildFile; fileRef = 9D71E79B24C4E92A00074C1A /* tiger_cat.jpg */; };
		9D71E7A324C4F35A00074C1A /* gray_00001.jpg in Resources */ = {isa = PBXBuildFile; fileRef = 9D71E7A124C4F35A00074C1A /* gray_00001.jpg */; };
		9D71E7A424C4F35A00074C1A /* TNNImageColourController.mm in Sources */ = {isa = PBXBuildFile; fileRef = 9D71E7A224C4F35A00074C1A /* TNNImageColourController.mm */; };
		9D71E7AF24C560C900074C1A /* TNNObjectDetectorController.mm in Sources */ = {isa = PBXBuildFile; fileRef = 9D71E7A624C560C800074C1A /* TNNObjectDetectorController.mm */; };
		9D71E7B024C560C900074C1A /* 004545.jpg in Resources */ = {isa = PBXBuildFile; fileRef = 9D71E7A824C560C800074C1A /* 004545.jpg */; };
		9D71E7BB24C5685F00074C1A /* TNNYoloObjectDetectorController.mm in Sources */ = {isa = PBXBuildFile; fileRef = 9D71E7B924C5685F00074C1A /* TNNYoloObjectDetectorController.mm */; };
		9D71E7BC24C5685F00074C1A /* dog_cropped.jpg in Resources */ = {isa = PBXBuildFile; fileRef = 9D71E7BA24C5685F00074C1A /* dog_cropped.jpg */; };
		9D71E7C324C5BE1200074C1A /* TNNViewModel.mm in Sources */ = {isa = PBXBuildFile; fileRef = 9D71E7C124C5BE1200074C1A /* TNNViewModel.mm */; };
		9D71E7C624C5BE7000074C1A /* TNNFaceDetectorViewModel.mm in Sources */ = {isa = PBXBuildFile; fileRef = 9D71E7C524C5BE7000074C1A /* TNNFaceDetectorViewModel.mm */; };
		9D71E7C924C5D1A600074C1A /* TNNSSDObjectDetectorViewModel.mm in Sources */ = {isa = PBXBuildFile; fileRef = 9D71E7C724C5D1A600074C1A /* TNNSSDObjectDetectorViewModel.mm */; };
		9D71E7CC24C8404100074C1A /* TNNYoloObjectDetectorViewModel.mm in Sources */ = {isa = PBXBuildFile; fileRef = 9D71E7CB24C8404100074C1A /* TNNYoloObjectDetectorViewModel.mm */; };
		9D8493C52510B4A400869EEF /* TNNExamplesListController.mm in Sources */ = {isa = PBXBuildFile; fileRef = 9D8493C22510B4A400869EEF /* TNNExamplesListController.mm */; };
		9D8493C62510B4A400869EEF /* TNNExamplesController.mm in Sources */ = {isa = PBXBuildFile; fileRef = 9D8493C32510B4A400869EEF /* TNNExamplesController.mm */; };
		9D8493C92510B52C00869EEF /* TNNExamplesListCell.m in Sources */ = {isa = PBXBuildFile; fileRef = 9D8493C82510B52C00869EEF /* TNNExamplesListCell.m */; };
		9D9187E3242C30D600DF2B79 /* test.jpg in Resources */ = {isa = PBXBuildFile; fileRef = 9D9187DE242C30D500DF2B79 /* test.jpg */; };
		9D9187E4242C30D600DF2B79 /* TNNFaceDetectorController.mm in Sources */ = {isa = PBXBuildFile; fileRef = 9D9187DF242C30D500DF2B79 /* TNNFaceDetectorController.mm */; };
		9D961FED24116548009B3FB1 /* RootNavController.mm in Sources */ = {isa = PBXBuildFile; fileRef = 9D961FEB24116548009B3FB1 /* RootNavController.mm */; };
		9D9C2F29277708710091EE75 /* monodepth.cc in Sources */ = {isa = PBXBuildFile; fileRef = 9D9C2F27277708710091EE75 /* monodepth.cc */; };
		9D9C2F2C277711510091EE75 /* TNNMonoDepthViewModel.mm in Sources */ = {isa = PBXBuildFile; fileRef = 9D9C2F2B277711510091EE75 /* TNNMonoDepthViewModel.mm */; };
		9DC7116224D0189D00FA71FA /* TNNBlazeFaceDetectorViewModel.mm in Sources */ = {isa = PBXBuildFile; fileRef = 9DC7116024D0189D00FA71FA /* TNNBlazeFaceDetectorViewModel.mm */; };
		9DD579EF23B5A20500A96E63 /* AppDelegate.mm in Sources */ = {isa = PBXBuildFile; fileRef = 9DD579EE23B5A20500A96E63 /* AppDelegate.mm */; };
		9DD579F223B5A20500A96E63 /* SceneDelegate.mm in Sources */ = {isa = PBXBuildFile; fileRef = 9DD579F123B5A20500A96E63 /* SceneDelegate.mm */; };
		9DD579F823B5A20500A96E63 /* Main.storyboard in Resources */ = {isa = PBXBuildFile; fileRef = 9DD579F623B5A20500A96E63 /* Main.storyboard */; };
		9DD579FA23B5A20E00A96E63 /* Assets.xcassets in Resources */ = {isa = PBXBuildFile; fileRef = 9DD579F923B5A20E00A96E63 /* Assets.xcassets */; };
		9DD579FD23B5A20E00A96E63 /* LaunchScreen.storyboard in Resources */ = {isa = PBXBuildFile; fileRef = 9DD579FB23B5A20E00A96E63 /* LaunchScreen.storyboard */; };
		9DD57A0023B5A20E00A96E63 /* main.m in Sources */ = {isa = PBXBuildFile; fileRef = 9DD579FF23B5A20E00A96E63 /* main.m */; };
		9DD57A1123B5A8D000A96E63 /* tnn.framework in Frameworks */ = {isa = PBXBuildFile; fileRef = 9DD57A0D23B5A8C400A96E63 /* tnn.framework */; };
		9DD57A1523B5ACEB00A96E63 /* CoreML.framework in Frameworks */ = {isa = PBXBuildFile; fileRef = 9DD57A1423B5ACEB00A96E63 /* CoreML.framework */; };
		9DD57A1723B5ACF900A96E63 /* Foundation.framework in Frameworks */ = {isa = PBXBuildFile; fileRef = 9DD57A1623B5ACF900A96E63 /* Foundation.framework */; };
		9DD57A1923B5AD0100A96E63 /* Accelerate.framework in Frameworks */ = {isa = PBXBuildFile; fileRef = 9DD57A1823B5AD0100A96E63 /* Accelerate.framework */; };
		9DDED30A2429A0BE000C09EA /* model in Resources */ = {isa = PBXBuildFile; fileRef = 9DDED3092429A0BE000C09EA /* model */; };
		9DF1A0B824A8987C00E1376D /* face_gray_transfer.cc in Sources */ = {isa = PBXBuildFile; fileRef = 9DF1A0B724A8987C00E1376D /* face_gray_transfer.cc */; };
		D1330F47244AC2D900CEBF29 /* TNNCameraPreviewController.mm in Sources */ = {isa = PBXBuildFile; fileRef = D1330F46244AC2D900CEBF29 /* TNNCameraPreviewController.mm */; };
		D1330F4C244AC4FA00CEBF29 /* TNNCameraVideoDevice.mm in Sources */ = {isa = PBXBuildFile; fileRef = D1330F4A244AC4FA00CEBF29 /* TNNCameraVideoDevice.mm */; };
		D1330F4E244AFBFF00CEBF29 /* AVFoundation.framework in Frameworks */ = {isa = PBXBuildFile; fileRef = D1330F4D244AFBFF00CEBF29 /* AVFoundation.framework */; };
		D18F1F1C244B4689002E71CA /* camera_rotate_fill.png in Resources */ = {isa = PBXBuildFile; fileRef = D18F1F1B244B4689002E71CA /* camera_rotate_fill.png */; };
		EC1B9AA824BC0B7B0003A742 /* object_detector_yolo.cc in Sources */ = {isa = PBXBuildFile; fileRef = EC1B9AA724BC0B7B0003A742 /* object_detector_yolo.cc */; };
		EC1DF1812609D1F200AB11D1 /* clipper.cc in Sources */ = {isa = PBXBuildFile; fileRef = EC1DF1802609D1F100AB11D1 /* clipper.cc */; };
		EC2CF731250797C800EE3899 /* image_classifier.cc in Sources */ = {isa = PBXBuildFile; fileRef = EC2CF72B250797C800EE3899 /* image_classifier.cc */; };
		EC2CF732250797C800EE3899 /* tnn_sdk_sample.cc in Sources */ = {isa = PBXBuildFile; fileRef = EC2CF72C250797C800EE3899 /* tnn_sdk_sample.cc */; };
		EC2CF733250797C800EE3899 /* sample_timer.cc in Sources */ = {isa = PBXBuildFile; fileRef = EC2CF72E250797C800EE3899 /* sample_timer.cc */; };
		EC2CF734250797C800EE3899 /* ultra_face_detector.cc in Sources */ = {isa = PBXBuildFile; fileRef = EC2CF72F250797C800EE3899 /* ultra_face_detector.cc */; };
		EC2F9CC625369FE8005A5F28 /* TNNPoseDetectLandmarkViewModel.mm in Sources */ = {isa = PBXBuildFile; fileRef = EC2F9CC525369FE8005A5F28 /* TNNPoseDetectLandmarkViewModel.mm */; };
		EC2F9CCC2536A14F005A5F28 /* blazepose_detector.cc in Sources */ = {isa = PBXBuildFile; fileRef = EC2F9CCA2536A14F005A5F28 /* blazepose_detector.cc */; };
		EC2F9CDF25371536005A5F28 /* blazepose_landmark.cc in Sources */ = {isa = PBXBuildFile; fileRef = EC2F9CDD25371536005A5F28 /* blazepose_landmark.cc */; };
		EC2F9CE525371769005A5F28 /* pose_detect_landmark.cc in Sources */ = {isa = PBXBuildFile; fileRef = EC2F9CE325371769005A5F28 /* pose_detect_landmark.cc */; };
		EC4B9735264D04F70015F32A /* bert_tokenizer.cc in Sources */ = {isa = PBXBuildFile; fileRef = EC4B9732264D04F60015F32A /* bert_tokenizer.cc */; };
		EC4B9739264D05640015F32A /* TNNReadingComprehensionController.mm in Sources */ = {isa = PBXBuildFile; fileRef = EC4B9738264D05640015F32A /* TNNReadingComprehensionController.mm */; };
		EC4E1B5024C97A0600B88179 /* test_blazeface.jpg in Resources */ = {isa = PBXBuildFile; fileRef = EC4E1B4D24C97A0500B88179 /* test_blazeface.jpg */; };
		EC4E1B5124C97A0600B88179 /* TNNBlazefaceDetectorController.mm in Sources */ = {isa = PBXBuildFile; fileRef = EC4E1B4F24C97A0500B88179 /* TNNBlazefaceDetectorController.mm */; };
		EC4E1B5424C97A5E00B88179 /* blazeface_detector.cc in Sources */ = {isa = PBXBuildFile; fileRef = EC4E1B5224C97A5E00B88179 /* blazeface_detector.cc */; };
		EC9EC4FD2583948F0090AEEA /* relative_velocity_filter.cc in Sources */ = {isa = PBXBuildFile; fileRef = EC9EC4F62583948F0090AEEA /* relative_velocity_filter.cc */; };
		EC9EC4FE2583948F0090AEEA /* low_pass_filter.cc in Sources */ = {isa = PBXBuildFile; fileRef = EC9EC4F72583948F0090AEEA /* low_pass_filter.cc */; };
		EC9EC4FF2583948F0090AEEA /* time_stamp.cc in Sources */ = {isa = PBXBuildFile; fileRef = EC9EC4F82583948F0090AEEA /* time_stamp.cc */; };
		EC9EC5002583948F0090AEEA /* landmark_smoothing_filter.cc in Sources */ = {isa = PBXBuildFile; fileRef = EC9EC4FB2583948F0090AEEA /* landmark_smoothing_filter.cc */; };
		ECAD84F924D7F01E0074EA95 /* TNNFacemeshController.mm in Sources */ = {isa = PBXBuildFile; fileRef = ECAD84F824D7F01E0074EA95 /* TNNFacemeshController.mm */; };
		ECAD84FD24D7F0AE0074EA95 /* face_mesh.cc in Sources */ = {isa = PBXBuildFile; fileRef = ECAD84FB24D7F0AE0074EA95 /* face_mesh.cc */; };
		ECAD84FF24D801690074EA95 /* test_facemesh.jpg in Resources */ = {isa = PBXBuildFile; fileRef = ECAD84FE24D801690074EA95 /* test_facemesh.jpg */; };
		ECB077DE25FA0A2F007B1498 /* ocr_textbox_detector.cc in Sources */ = {isa = PBXBuildFile; fileRef = ECB077DC25FA0A2F007B1498 /* ocr_textbox_detector.cc */; };
		ECB077E125FA0A5B007B1498 /* ocr_angle_predictor.cc in Sources */ = {isa = PBXBuildFile; fileRef = ECB077DF25FA0A5B007B1498 /* ocr_angle_predictor.cc */; };
		ECB077E425FA0ABD007B1498 /* ocr_text_recognizer.cc in Sources */ = {isa = PBXBuildFile; fileRef = ECB077E225FA0ABD007B1498 /* ocr_text_recognizer.cc */; };
		ECB077E725FA0AFA007B1498 /* ocr_driver.cc in Sources */ = {isa = PBXBuildFile; fileRef = ECB077E525FA0AFA007B1498 /* ocr_driver.cc */; };
		ECBA3C6225920A37001BC0A7 /* assets in Resources */ = {isa = PBXBuildFile; fileRef = ECBA3C6125920A37001BC0A7 /* assets */; };
		ECD14A022505F88C00271443 /* face_detect_mesh.cc in Sources */ = {isa = PBXBuildFile; fileRef = ECD14A002505F88C00271443 /* face_detect_mesh.cc */; };
		ECD14A042505FE1700271443 /* TNNFaceDetectMeshViewModel.mm in Sources */ = {isa = PBXBuildFile; fileRef = ECD14A032505FE1700271443 /* TNNFaceDetectMeshViewModel.mm */; };
		ECD9465B2559266D00BF9214 /* hair_segmentation.cc in Sources */ = {isa = PBXBuildFile; fileRef = ECD9465A2559266D00BF9214 /* hair_segmentation.cc */; };
		ECD946682559295A00BF9214 /* DYFlatButton.m in Sources */ = {isa = PBXBuildFile; fileRef = ECD946642559295A00BF9214 /* DYFlatButton.m */; };
		ECD946692559295A00BF9214 /* UIColor+Utility.m in Sources */ = {isa = PBXBuildFile; fileRef = ECD946662559295A00BF9214 /* UIColor+Utility.m */; };
		ECD9466D2559296D00BF9214 /* TNNHairSegmentationViewModel.mm in Sources */ = {isa = PBXBuildFile; fileRef = ECD9466C2559296C00BF9214 /* TNNHairSegmentationViewModel.mm */; };
		ECD946712559298F00BF9214 /* TNNMaskImage.mm in Sources */ = {isa = PBXBuildFile; fileRef = ECD946702559298F00BF9214 /* TNNMaskImage.mm */; };
		ECD9467C2559306800BF9214 /* logo@2x.png in Resources */ = {isa = PBXBuildFile; fileRef = ECD9467B2559306700BF9214 /* logo@2x.png */; };
		ECDE532A2637F602003FE508 /* object_detector_nanodet.cc in Sources */ = {isa = PBXBuildFile; fileRef = ECDE53282637F602003FE508 /* object_detector_nanodet.cc */; };
		ECDE5332263811BA003FE508 /* TNNNanodetObjectDetectorViewModel.mm in Sources */ = {isa = PBXBuildFile; fileRef = ECDE5331263811BA003FE508 /* TNNNanodetObjectDetectorViewModel.mm */; };
		ECEC5DB224FFCC6C0044DDF1 /* youtu_face_align.cc in Sources */ = {isa = PBXBuildFile; fileRef = ECEC5DB124FFCC6C0044DDF1 /* youtu_face_align.cc */; };
		ECEF96DD24AED66D0094CB8B /* object_detector_ssd.cc in Sources */ = {isa = PBXBuildFile; fileRef = ECEF96DC24AED66C0094CB8B /* object_detector_ssd.cc */; };
		ECF121D02574E391006F79AC /* TNNSkeletonDetectorViewModel.mm in Sources */ = {isa = PBXBuildFile; fileRef = ECF121CE2574E391006F79AC /* TNNSkeletonDetectorViewModel.mm */; };
		ECF121D62574E408006F79AC /* skeleton_detector.cc in Sources */ = {isa = PBXBuildFile; fileRef = ECF121D42574E408006F79AC /* skeleton_detector.cc */; };
		ECFA85412603404200CF5233 /* TNNOCRViewModel.mm in Sources */ = {isa = PBXBuildFile; fileRef = ECFA85402603404100CF5233 /* TNNOCRViewModel.mm */; };
/* End PBXBuildFile section */

/* Begin PBXContainerItemProxy section */
		9DD57A0C23B5A8C400A96E63 /* PBXContainerItemProxy */ = {
			isa = PBXContainerItemProxy;
			containerPortal = 9DD57A0823B5A8C400A96E63 /* tnn.xcodeproj */;
			proxyType = 2;
			remoteGlobalIDString = 9D2DB1D122D759C8000C508F;
			remoteInfo = tnn;
		};
		9DD57A0E23B5A8CB00A96E63 /* PBXContainerItemProxy */ = {
			isa = PBXContainerItemProxy;
			containerPortal = 9DD57A0823B5A8C400A96E63 /* tnn.xcodeproj */;
			proxyType = 1;
			remoteGlobalIDString = 9D2DB1D022D759C8000C508F;
			remoteInfo = tnn;
		};
/* End PBXContainerItemProxy section */

/* Begin PBXFileReference section */
		9D04099F275332D400F04A98 /* TOSegmentedControl.h */ = {isa = PBXFileReference; fileEncoding = 4; lastKnownFileType = sourcecode.c.h; path = TOSegmentedControl.h; sourceTree = "<group>"; };
		9D0409A1275332D400F04A98 /* TOSegmentedControlSegment.m */ = {isa = PBXFileReference; fileEncoding = 4; lastKnownFileType = sourcecode.c.objc; path = TOSegmentedControlSegment.m; sourceTree = "<group>"; };
		9D0409A2275332D400F04A98 /* TOSegmentedControlSegment.h */ = {isa = PBXFileReference; fileEncoding = 4; lastKnownFileType = sourcecode.c.h; path = TOSegmentedControlSegment.h; sourceTree = "<group>"; };
		9D0409A3275332D400F04A98 /* TOSegmentedControl.m */ = {isa = PBXFileReference; fileEncoding = 4; lastKnownFileType = sourcecode.c.objc; path = TOSegmentedControl.m; sourceTree = "<group>"; };
		9D449863241D2D3A003FBAA2 /* UIImage+Utility.h */ = {isa = PBXFileReference; lastKnownFileType = sourcecode.c.h; path = "UIImage+Utility.h"; sourceTree = "<group>"; };
		9D449864241D2D56003FBAA2 /* UIImage+Utility.mm */ = {isa = PBXFileReference; fileEncoding = 4; lastKnownFileType = sourcecode.cpp.objcpp; path = "UIImage+Utility.mm"; sourceTree = "<group>"; };
		9D49E79F2504BA1D00DD81D7 /* TNNFaceDetectAlignerViewModel.mm */ = {isa = PBXFileReference; fileEncoding = 4; lastKnownFileType = sourcecode.cpp.objcpp; path = TNNFaceDetectAlignerViewModel.mm; sourceTree = "<group>"; };
		9D49E7A02504BA1D00DD81D7 /* TNNFaceDetectAlignerViewModel.h */ = {isa = PBXFileReference; fileEncoding = 4; lastKnownFileType = sourcecode.c.h; path = TNNFaceDetectAlignerViewModel.h; sourceTree = "<group>"; };
		9D49E7A22504BB5D00DD81D7 /* face_detect_aligner.cc */ = {isa = PBXFileReference; fileEncoding = 4; lastKnownFileType = sourcecode.cpp.cpp; path = face_detect_aligner.cc; sourceTree = "<group>"; };
		9D49E7A32504BB5D00DD81D7 /* face_detect_aligner.h */ = {isa = PBXFileReference; fileEncoding = 4; lastKnownFileType = sourcecode.c.h; path = face_detect_aligner.h; sourceTree = "<group>"; };
		9D6A9F5C24268DBF000A5417 /* CoreImage.framework */ = {isa = PBXFileReference; lastKnownFileType = wrapper.framework; name = CoreImage.framework; path = System/Library/Frameworks/CoreImage.framework; sourceTree = SDKROOT; };
		9D6A9F5E24268DD3000A5417 /* CoreMedia.framework */ = {isa = PBXFileReference; lastKnownFileType = wrapper.framework; name = CoreMedia.framework; path = System/Library/Frameworks/CoreMedia.framework; sourceTree = SDKROOT; };
		9D71E78924C0AF4200074C1A /* TNNBoundingBox.h */ = {isa = PBXFileReference; lastKnownFileType = sourcecode.c.h; path = TNNBoundingBox.h; sourceTree = "<group>"; };
		9D71E78A24C0AF4200074C1A /* TNNBoundingBox.mm */ = {isa = PBXFileReference; lastKnownFileType = sourcecode.cpp.objcpp; path = TNNBoundingBox.mm; sourceTree = "<group>"; };
		9D71E79124C1980700074C1A /* tnn_fps_counter.cc */ = {isa = PBXFileReference; fileEncoding = 4; lastKnownFileType = sourcecode.cpp.cpp; path = tnn_fps_counter.cc; sourceTree = "<group>"; };
		9D71E79224C1980700074C1A /* tnn_fps_counter.h */ = {isa = PBXFileReference; fileEncoding = 4; lastKnownFileType = sourcecode.c.h; path = tnn_fps_counter.h; sourceTree = "<group>"; };
		9D71E79824C4E92A00074C1A /* synset.txt */ = {isa = PBXFileReference; fileEncoding = 4; lastKnownFileType = text; path = synset.txt; sourceTree = "<group>"; };
		9D71E79924C4E92A00074C1A /* TNNImageClassifyController.h */ = {isa = PBXFileReference; fileEncoding = 4; lastKnownFileType = sourcecode.c.h; path = TNNImageClassifyController.h; sourceTree = "<group>"; };
		9D71E79A24C4E92A00074C1A /* TNNImageClassifyController.mm */ = {isa = PBXFileReference; fileEncoding = 4; lastKnownFileType = sourcecode.cpp.objcpp; path = TNNImageClassifyController.mm; sourceTree = "<group>"; };
		9D71E79B24C4E92A00074C1A /* tiger_cat.jpg */ = {isa = PBXFileReference; lastKnownFileType = image.jpeg; path = tiger_cat.jpg; sourceTree = "<group>"; };
		9D71E7A024C4F35A00074C1A /* TNNImageColourController.h */ = {isa = PBXFileReference; fileEncoding = 4; lastKnownFileType = sourcecode.c.h; path = TNNImageColourController.h; sourceTree = "<group>"; };
		9D71E7A124C4F35A00074C1A /* gray_00001.jpg */ = {isa = PBXFileReference; lastKnownFileType = image.jpeg; path = gray_00001.jpg; sourceTree = "<group>"; };
		9D71E7A224C4F35A00074C1A /* TNNImageColourController.mm */ = {isa = PBXFileReference; fileEncoding = 4; lastKnownFileType = sourcecode.cpp.objcpp; path = TNNImageColourController.mm; sourceTree = "<group>"; };
		9D71E7A624C560C800074C1A /* TNNObjectDetectorController.mm */ = {isa = PBXFileReference; fileEncoding = 4; lastKnownFileType = sourcecode.cpp.objcpp; path = TNNObjectDetectorController.mm; sourceTree = "<group>"; };
		9D71E7A724C560C800074C1A /* TNNObjectDetectorController.h */ = {isa = PBXFileReference; fileEncoding = 4; lastKnownFileType = sourcecode.c.h; path = TNNObjectDetectorController.h; sourceTree = "<group>"; };
		9D71E7A824C560C800074C1A /* 004545.jpg */ = {isa = PBXFileReference; lastKnownFileType = image.jpeg; path = 004545.jpg; sourceTree = "<group>"; };
		9D71E7B824C5685F00074C1A /* TNNYoloObjectDetectorController.h */ = {isa = PBXFileReference; fileEncoding = 4; lastKnownFileType = sourcecode.c.h; path = TNNYoloObjectDetectorController.h; sourceTree = "<group>"; };
		9D71E7B924C5685F00074C1A /* TNNYoloObjectDetectorController.mm */ = {isa = PBXFileReference; fileEncoding = 4; lastKnownFileType = sourcecode.cpp.objcpp; path = TNNYoloObjectDetectorController.mm; sourceTree = "<group>"; };
		9D71E7BA24C5685F00074C1A /* dog_cropped.jpg */ = {isa = PBXFileReference; lastKnownFileType = image.jpeg; path = dog_cropped.jpg; sourceTree = "<group>"; };
		9D71E7C124C5BE1200074C1A /* TNNViewModel.mm */ = {isa = PBXFileReference; fileEncoding = 4; lastKnownFileType = sourcecode.cpp.objcpp; path = TNNViewModel.mm; sourceTree = "<group>"; };
		9D71E7C224C5BE1200074C1A /* TNNViewModel.h */ = {isa = PBXFileReference; fileEncoding = 4; lastKnownFileType = sourcecode.c.h; path = TNNViewModel.h; sourceTree = "<group>"; };
		9D71E7C424C5BE7000074C1A /* TNNFaceDetectorViewModel.h */ = {isa = PBXFileReference; fileEncoding = 4; lastKnownFileType = sourcecode.c.h; path = TNNFaceDetectorViewModel.h; sourceTree = "<group>"; };
		9D71E7C524C5BE7000074C1A /* TNNFaceDetectorViewModel.mm */ = {isa = PBXFileReference; fileEncoding = 4; lastKnownFileType = sourcecode.cpp.objcpp; path = TNNFaceDetectorViewModel.mm; sourceTree = "<group>"; };
		9D71E7C724C5D1A600074C1A /* TNNSSDObjectDetectorViewModel.mm */ = {isa = PBXFileReference; fileEncoding = 4; lastKnownFileType = sourcecode.cpp.objcpp; path = TNNSSDObjectDetectorViewModel.mm; sourceTree = "<group>"; };
		9D71E7C824C5D1A600074C1A /* TNNSSDObjectDetectorViewModel.h */ = {isa = PBXFileReference; fileEncoding = 4; lastKnownFileType = sourcecode.c.h; path = TNNSSDObjectDetectorViewModel.h; sourceTree = "<group>"; };
		9D71E7CA24C8404100074C1A /* TNNYoloObjectDetectorViewModel.h */ = {isa = PBXFileReference; fileEncoding = 4; lastKnownFileType = sourcecode.c.h; path = TNNYoloObjectDetectorViewModel.h; sourceTree = "<group>"; };
		9D71E7CB24C8404100074C1A /* TNNYoloObjectDetectorViewModel.mm */ = {isa = PBXFileReference; fileEncoding = 4; lastKnownFileType = sourcecode.cpp.objcpp; path = TNNYoloObjectDetectorViewModel.mm; sourceTree = "<group>"; };
		9D8493C12510B4A400869EEF /* TNNExamplesListController.h */ = {isa = PBXFileReference; fileEncoding = 4; lastKnownFileType = sourcecode.c.h; path = TNNExamplesListController.h; sourceTree = "<group>"; };
		9D8493C22510B4A400869EEF /* TNNExamplesListController.mm */ = {isa = PBXFileReference; fileEncoding = 4; lastKnownFileType = sourcecode.cpp.objcpp; path = TNNExamplesListController.mm; sourceTree = "<group>"; };
		9D8493C32510B4A400869EEF /* TNNExamplesController.mm */ = {isa = PBXFileReference; fileEncoding = 4; lastKnownFileType = sourcecode.cpp.objcpp; path = TNNExamplesController.mm; sourceTree = "<group>"; };
		9D8493C42510B4A400869EEF /* TNNExamplesController.h */ = {isa = PBXFileReference; fileEncoding = 4; lastKnownFileType = sourcecode.c.h; path = TNNExamplesController.h; sourceTree = "<group>"; };
		9D8493C72510B52C00869EEF /* TNNExamplesListCell.h */ = {isa = PBXFileReference; lastKnownFileType = sourcecode.c.h; path = TNNExamplesListCell.h; sourceTree = "<group>"; };
		9D8493C82510B52C00869EEF /* TNNExamplesListCell.m */ = {isa = PBXFileReference; lastKnownFileType = sourcecode.c.objc; path = TNNExamplesListCell.m; sourceTree = "<group>"; };
		9D9187DD242C30D500DF2B79 /* TNNFaceDetectorController.h */ = {isa = PBXFileReference; fileEncoding = 4; lastKnownFileType = sourcecode.c.h; path = TNNFaceDetectorController.h; sourceTree = "<group>"; };
		9D9187DE242C30D500DF2B79 /* test.jpg */ = {isa = PBXFileReference; lastKnownFileType = image.jpeg; path = test.jpg; sourceTree = "<group>"; };
		9D9187DF242C30D500DF2B79 /* TNNFaceDetectorController.mm */ = {isa = PBXFileReference; fileEncoding = 4; lastKnownFileType = sourcecode.cpp.objcpp; path = TNNFaceDetectorController.mm; sourceTree = "<group>"; };
		9D961FEB24116548009B3FB1 /* RootNavController.mm */ = {isa = PBXFileReference; fileEncoding = 4; lastKnownFileType = sourcecode.cpp.objcpp; path = RootNavController.mm; sourceTree = "<group>"; };
		9D961FEC24116548009B3FB1 /* RootNavController.h */ = {isa = PBXFileReference; fileEncoding = 4; lastKnownFileType = sourcecode.c.h; path = RootNavController.h; sourceTree = "<group>"; };
		9D9C2F27277708710091EE75 /* monodepth.cc */ = {isa = PBXFileReference; fileEncoding = 4; lastKnownFileType = sourcecode.cpp.cpp; path = monodepth.cc; sourceTree = "<group>"; };
		9D9C2F28277708710091EE75 /* monodepth.h */ = {isa = PBXFileReference; fileEncoding = 4; lastKnownFileType = sourcecode.c.h; path = monodepth.h; sourceTree = "<group>"; };
		9D9C2F2A277711500091EE75 /* TNNMonoDepthViewModel.h */ = {isa = PBXFileReference; fileEncoding = 4; lastKnownFileType = sourcecode.c.h; path = TNNMonoDepthViewModel.h; sourceTree = "<group>"; };
		9D9C2F2B277711510091EE75 /* TNNMonoDepthViewModel.mm */ = {isa = PBXFileReference; fileEncoding = 4; lastKnownFileType = sourcecode.cpp.objcpp; path = TNNMonoDepthViewModel.mm; sourceTree = "<group>"; };
		9DC7116024D0189D00FA71FA /* TNNBlazeFaceDetectorViewModel.mm */ = {isa = PBXFileReference; fileEncoding = 4; lastKnownFileType = sourcecode.cpp.objcpp; path = TNNBlazeFaceDetectorViewModel.mm; sourceTree = "<group>"; };
		9DC7116124D0189D00FA71FA /* TNNBlazeFaceDetectorViewModel.h */ = {isa = PBXFileReference; fileEncoding = 4; lastKnownFileType = sourcecode.c.h; path = TNNBlazeFaceDetectorViewModel.h; sourceTree = "<group>"; };
		9DD579EA23B5A20500A96E63 /* TNNExamples.app */ = {isa = PBXFileReference; explicitFileType = wrapper.application; includeInIndex = 0; path = TNNExamples.app; sourceTree = BUILT_PRODUCTS_DIR; };
		9DD579ED23B5A20500A96E63 /* AppDelegate.h */ = {isa = PBXFileReference; lastKnownFileType = sourcecode.c.h; path = AppDelegate.h; sourceTree = "<group>"; };
		9DD579EE23B5A20500A96E63 /* AppDelegate.mm */ = {isa = PBXFileReference; lastKnownFileType = sourcecode.cpp.objcpp; path = AppDelegate.mm; sourceTree = "<group>"; };
		9DD579F023B5A20500A96E63 /* SceneDelegate.h */ = {isa = PBXFileReference; lastKnownFileType = sourcecode.c.h; path = SceneDelegate.h; sourceTree = "<group>"; };
		9DD579F123B5A20500A96E63 /* SceneDelegate.mm */ = {isa = PBXFileReference; lastKnownFileType = sourcecode.cpp.objcpp; path = SceneDelegate.mm; sourceTree = "<group>"; };
		9DD579F723B5A20500A96E63 /* Base */ = {isa = PBXFileReference; lastKnownFileType = file.storyboard; name = Base; path = Base.lproj/Main.storyboard; sourceTree = "<group>"; };
		9DD579F923B5A20E00A96E63 /* Assets.xcassets */ = {isa = PBXFileReference; lastKnownFileType = folder.assetcatalog; path = Assets.xcassets; sourceTree = "<group>"; };
		9DD579FC23B5A20E00A96E63 /* Base */ = {isa = PBXFileReference; lastKnownFileType = file.storyboard; name = Base; path = Base.lproj/LaunchScreen.storyboard; sourceTree = "<group>"; };
		9DD579FE23B5A20E00A96E63 /* Info.plist */ = {isa = PBXFileReference; lastKnownFileType = text.plist.xml; path = Info.plist; sourceTree = "<group>"; };
		9DD579FF23B5A20E00A96E63 /* main.m */ = {isa = PBXFileReference; lastKnownFileType = sourcecode.c.objc; path = main.m; sourceTree = "<group>"; };
		9DD57A0823B5A8C400A96E63 /* tnn.xcodeproj */ = {isa = PBXFileReference; lastKnownFileType = "wrapper.pb-project"; name = tnn.xcodeproj; path = ../../../platforms/ios/tnn.xcodeproj; sourceTree = "<group>"; };
		9DD57A1423B5ACEB00A96E63 /* CoreML.framework */ = {isa = PBXFileReference; lastKnownFileType = wrapper.framework; name = CoreML.framework; path = System/Library/Frameworks/CoreML.framework; sourceTree = SDKROOT; };
		9DD57A1623B5ACF900A96E63 /* Foundation.framework */ = {isa = PBXFileReference; lastKnownFileType = wrapper.framework; name = Foundation.framework; path = System/Library/Frameworks/Foundation.framework; sourceTree = SDKROOT; };
		9DD57A1823B5AD0100A96E63 /* Accelerate.framework */ = {isa = PBXFileReference; lastKnownFileType = wrapper.framework; name = Accelerate.framework; path = System/Library/Frameworks/Accelerate.framework; sourceTree = SDKROOT; };
		9DDED3092429A0BE000C09EA /* model */ = {isa = PBXFileReference; lastKnownFileType = folder; name = model; path = ../../../model; sourceTree = "<group>"; };
		9DF1A0B624A8987C00E1376D /* face_gray_transfer.h */ = {isa = PBXFileReference; fileEncoding = 4; lastKnownFileType = sourcecode.c.h; path = face_gray_transfer.h; sourceTree = "<group>"; };
		9DF1A0B724A8987C00E1376D /* face_gray_transfer.cc */ = {isa = PBXFileReference; fileEncoding = 4; lastKnownFileType = sourcecode.cpp.cpp; path = face_gray_transfer.cc; sourceTree = "<group>"; };
		D1330F46244AC2D900CEBF29 /* TNNCameraPreviewController.mm */ = {isa = PBXFileReference; fileEncoding = 4; lastKnownFileType = sourcecode.cpp.objcpp; path = TNNCameraPreviewController.mm; sourceTree = "<group>"; };
		D1330F48244AC30E00CEBF29 /* TNNCameraPreviewController.h */ = {isa = PBXFileReference; lastKnownFileType = sourcecode.c.h; path = TNNCameraPreviewController.h; sourceTree = "<group>"; };
		D1330F4A244AC4FA00CEBF29 /* TNNCameraVideoDevice.mm */ = {isa = PBXFileReference; fileEncoding = 4; lastKnownFileType = sourcecode.cpp.objcpp; path = TNNCameraVideoDevice.mm; sourceTree = "<group>"; };
		D1330F4B244AC4FA00CEBF29 /* TNNCameraVideoDevice.h */ = {isa = PBXFileReference; fileEncoding = 4; lastKnownFileType = sourcecode.c.h; path = TNNCameraVideoDevice.h; sourceTree = "<group>"; };
		D1330F4D244AFBFF00CEBF29 /* AVFoundation.framework */ = {isa = PBXFileReference; lastKnownFileType = wrapper.framework; name = AVFoundation.framework; path = System/Library/Frameworks/AVFoundation.framework; sourceTree = SDKROOT; };
		D18F1F1B244B4689002E71CA /* camera_rotate_fill.png */ = {isa = PBXFileReference; lastKnownFileType = image.png; path = camera_rotate_fill.png; sourceTree = "<group>"; };
		EC1B9AA624BC0B4B0003A742 /* object_detector_yolo.h */ = {isa = PBXFileReference; lastKnownFileType = sourcecode.c.h; path = object_detector_yolo.h; sourceTree = "<group>"; };
		EC1B9AA724BC0B7B0003A742 /* object_detector_yolo.cc */ = {isa = PBXFileReference; lastKnownFileType = sourcecode.cpp.cpp; path = object_detector_yolo.cc; sourceTree = "<group>"; };
		EC1DF17F2609D1F100AB11D1 /* clipper.h */ = {isa = PBXFileReference; fileEncoding = 4; lastKnownFileType = sourcecode.c.h; path = clipper.h; sourceTree = "<group>"; };
		EC1DF1802609D1F100AB11D1 /* clipper.cc */ = {isa = PBXFileReference; fileEncoding = 4; lastKnownFileType = sourcecode.cpp.cpp; path = clipper.cc; sourceTree = "<group>"; };
		EC2CF729250797C800EE3899 /* sample_timer.h */ = {isa = PBXFileReference; fileEncoding = 4; lastKnownFileType = sourcecode.c.h; path = sample_timer.h; sourceTree = "<group>"; };
		EC2CF72A250797C800EE3899 /* tnn_sdk_sample.h */ = {isa = PBXFileReference; fileEncoding = 4; lastKnownFileType = sourcecode.c.h; path = tnn_sdk_sample.h; sourceTree = "<group>"; };
		EC2CF72B250797C800EE3899 /* image_classifier.cc */ = {isa = PBXFileReference; fileEncoding = 4; lastKnownFileType = sourcecode.cpp.cpp; path = image_classifier.cc; sourceTree = "<group>"; };
		EC2CF72C250797C800EE3899 /* tnn_sdk_sample.cc */ = {isa = PBXFileReference; fileEncoding = 4; lastKnownFileType = sourcecode.cpp.cpp; path = tnn_sdk_sample.cc; sourceTree = "<group>"; };
		EC2CF72D250797C800EE3899 /* ultra_face_detector.h */ = {isa = PBXFileReference; fileEncoding = 4; lastKnownFileType = sourcecode.c.h; path = ultra_face_detector.h; sourceTree = "<group>"; };
		EC2CF72E250797C800EE3899 /* sample_timer.cc */ = {isa = PBXFileReference; fileEncoding = 4; lastKnownFileType = sourcecode.cpp.cpp; path = sample_timer.cc; sourceTree = "<group>"; };
		EC2CF72F250797C800EE3899 /* ultra_face_detector.cc */ = {isa = PBXFileReference; fileEncoding = 4; lastKnownFileType = sourcecode.cpp.cpp; path = ultra_face_detector.cc; sourceTree = "<group>"; };
		EC2CF730250797C800EE3899 /* image_classifier.h */ = {isa = PBXFileReference; fileEncoding = 4; lastKnownFileType = sourcecode.c.h; path = image_classifier.h; sourceTree = "<group>"; };
		EC2F9CC525369FE8005A5F28 /* TNNPoseDetectLandmarkViewModel.mm */ = {isa = PBXFileReference; lastKnownFileType = sourcecode.cpp.objcpp; path = TNNPoseDetectLandmarkViewModel.mm; sourceTree = "<group>"; };
		EC2F9CC92536A001005A5F28 /* TNNPoseDetectLandmarkViewModel.h */ = {isa = PBXFileReference; lastKnownFileType = sourcecode.c.h; path = TNNPoseDetectLandmarkViewModel.h; sourceTree = "<group>"; };
		EC2F9CCA2536A14F005A5F28 /* blazepose_detector.cc */ = {isa = PBXFileReference; lastKnownFileType = sourcecode.cpp.cpp; path = blazepose_detector.cc; sourceTree = "<group>"; };
		EC2F9CCB2536A14F005A5F28 /* blazepose_detector.h */ = {isa = PBXFileReference; lastKnownFileType = sourcecode.c.h; path = blazepose_detector.h; sourceTree = "<group>"; };
		EC2F9CDD25371536005A5F28 /* blazepose_landmark.cc */ = {isa = PBXFileReference; lastKnownFileType = sourcecode.cpp.cpp; path = blazepose_landmark.cc; sourceTree = "<group>"; };
		EC2F9CDE25371536005A5F28 /* blazepose_landmark.h */ = {isa = PBXFileReference; lastKnownFileType = sourcecode.c.h; path = blazepose_landmark.h; sourceTree = "<group>"; };
		EC2F9CE325371769005A5F28 /* pose_detect_landmark.cc */ = {isa = PBXFileReference; lastKnownFileType = sourcecode.cpp.cpp; path = pose_detect_landmark.cc; sourceTree = "<group>"; };
		EC2F9CE425371769005A5F28 /* pose_detect_landmark.h */ = {isa = PBXFileReference; lastKnownFileType = sourcecode.c.h; path = pose_detect_landmark.h; sourceTree = "<group>"; };
		EC4B9732264D04F60015F32A /* bert_tokenizer.cc */ = {isa = PBXFileReference; fileEncoding = 4; lastKnownFileType = sourcecode.cpp.cpp; path = bert_tokenizer.cc; sourceTree = "<group>"; };
		EC4B9733264D04F70015F32A /* bert_tokenizer.h */ = {isa = PBXFileReference; fileEncoding = 4; lastKnownFileType = sourcecode.c.h; path = bert_tokenizer.h; sourceTree = "<group>"; };
		EC4B9734264D04F70015F32A /* macro.h */ = {isa = PBXFileReference; fileEncoding = 4; lastKnownFileType = sourcecode.c.h; path = macro.h; sourceTree = "<group>"; };
		EC4B9738264D05640015F32A /* TNNReadingComprehensionController.mm */ = {isa = PBXFileReference; lastKnownFileType = sourcecode.cpp.objcpp; path = TNNReadingComprehensionController.mm; sourceTree = "<group>"; };
		EC4B973E264D05840015F32A /* TNNReadingComprehensionController.h */ = {isa = PBXFileReference; lastKnownFileType = sourcecode.c.h; path = TNNReadingComprehensionController.h; sourceTree = "<group>"; };
		EC4E1B4D24C97A0500B88179 /* test_blazeface.jpg */ = {isa = PBXFileReference; lastKnownFileType = image.jpeg; path = test_blazeface.jpg; sourceTree = "<group>"; };
		EC4E1B4E24C97A0500B88179 /* TNNBlazefaceDetectorController.h */ = {isa = PBXFileReference; fileEncoding = 4; lastKnownFileType = sourcecode.c.h; path = TNNBlazefaceDetectorController.h; sourceTree = "<group>"; };
		EC4E1B4F24C97A0500B88179 /* TNNBlazefaceDetectorController.mm */ = {isa = PBXFileReference; fileEncoding = 4; lastKnownFileType = sourcecode.cpp.objcpp; path = TNNBlazefaceDetectorController.mm; sourceTree = "<group>"; };
		EC4E1B5224C97A5E00B88179 /* blazeface_detector.cc */ = {isa = PBXFileReference; lastKnownFileType = sourcecode.cpp.cpp; path = blazeface_detector.cc; sourceTree = "<group>"; };
		EC4E1B5324C97A5E00B88179 /* blazeface_detector.h */ = {isa = PBXFileReference; lastKnownFileType = sourcecode.c.h; path = blazeface_detector.h; sourceTree = "<group>"; };
		EC9EC4F52583948F0090AEEA /* time_stamp.h */ = {isa = PBXFileReference; fileEncoding = 4; lastKnownFileType = sourcecode.c.h; path = time_stamp.h; sourceTree = "<group>"; };
		EC9EC4F62583948F0090AEEA /* relative_velocity_filter.cc */ = {isa = PBXFileReference; fileEncoding = 4; lastKnownFileType = sourcecode.cpp.cpp; path = relative_velocity_filter.cc; sourceTree = "<group>"; };
		EC9EC4F72583948F0090AEEA /* low_pass_filter.cc */ = {isa = PBXFileReference; fileEncoding = 4; lastKnownFileType = sourcecode.cpp.cpp; path = low_pass_filter.cc; sourceTree = "<group>"; };
		EC9EC4F82583948F0090AEEA /* time_stamp.cc */ = {isa = PBXFileReference; fileEncoding = 4; lastKnownFileType = sourcecode.cpp.cpp; path = time_stamp.cc; sourceTree = "<group>"; };
		EC9EC4F92583948F0090AEEA /* low_pass_filter.h */ = {isa = PBXFileReference; fileEncoding = 4; lastKnownFileType = sourcecode.c.h; path = low_pass_filter.h; sourceTree = "<group>"; };
		EC9EC4FA2583948F0090AEEA /* landmark_smoothing_filter.h */ = {isa = PBXFileReference; fileEncoding = 4; lastKnownFileType = sourcecode.c.h; path = landmark_smoothing_filter.h; sourceTree = "<group>"; };
		EC9EC4FB2583948F0090AEEA /* landmark_smoothing_filter.cc */ = {isa = PBXFileReference; fileEncoding = 4; lastKnownFileType = sourcecode.cpp.cpp; path = landmark_smoothing_filter.cc; sourceTree = "<group>"; };
		EC9EC4FC2583948F0090AEEA /* relative_velocity_filter.h */ = {isa = PBXFileReference; fileEncoding = 4; lastKnownFileType = sourcecode.c.h; path = relative_velocity_filter.h; sourceTree = "<group>"; };
		ECAD84F824D7F01E0074EA95 /* TNNFacemeshController.mm */ = {isa = PBXFileReference; lastKnownFileType = sourcecode.cpp.objcpp; path = TNNFacemeshController.mm; sourceTree = "<group>"; };
		ECAD84FA24D7F0400074EA95 /* TNNFacemeshController.h */ = {isa = PBXFileReference; lastKnownFileType = sourcecode.c.h; path = TNNFacemeshController.h; sourceTree = "<group>"; };
		ECAD84FB24D7F0AE0074EA95 /* face_mesh.cc */ = {isa = PBXFileReference; lastKnownFileType = sourcecode.cpp.cpp; path = face_mesh.cc; sourceTree = "<group>"; };
		ECAD84FC24D7F0AE0074EA95 /* face_mesh.h */ = {isa = PBXFileReference; lastKnownFileType = sourcecode.c.h; path = face_mesh.h; sourceTree = "<group>"; };
		ECAD84FE24D801690074EA95 /* test_facemesh.jpg */ = {isa = PBXFileReference; lastKnownFileType = image.jpeg; path = test_facemesh.jpg; sourceTree = "<group>"; };
		ECB077DC25FA0A2F007B1498 /* ocr_textbox_detector.cc */ = {isa = PBXFileReference; lastKnownFileType = sourcecode.cpp.cpp; path = ocr_textbox_detector.cc; sourceTree = "<group>"; };
		ECB077DD25FA0A2F007B1498 /* ocr_textbox_detector.h */ = {isa = PBXFileReference; lastKnownFileType = sourcecode.c.h; path = ocr_textbox_detector.h; sourceTree = "<group>"; };
		ECB077DF25FA0A5B007B1498 /* ocr_angle_predictor.cc */ = {isa = PBXFileReference; lastKnownFileType = sourcecode.cpp.cpp; path = ocr_angle_predictor.cc; sourceTree = "<group>"; };
		ECB077E025FA0A5B007B1498 /* ocr_angle_predictor.h */ = {isa = PBXFileReference; lastKnownFileType = sourcecode.c.h; path = ocr_angle_predictor.h; sourceTree = "<group>"; };
		ECB077E225FA0ABD007B1498 /* ocr_text_recognizer.cc */ = {isa = PBXFileReference; lastKnownFileType = sourcecode.cpp.cpp; path = ocr_text_recognizer.cc; sourceTree = "<group>"; };
		ECB077E325FA0ABD007B1498 /* ocr_text_recognizer.h */ = {isa = PBXFileReference; lastKnownFileType = sourcecode.c.h; path = ocr_text_recognizer.h; sourceTree = "<group>"; };
		ECB077E525FA0AFA007B1498 /* ocr_driver.cc */ = {isa = PBXFileReference; lastKnownFileType = sourcecode.cpp.cpp; path = ocr_driver.cc; sourceTree = "<group>"; };
		ECB077E625FA0AFA007B1498 /* ocr_driver.h */ = {isa = PBXFileReference; lastKnownFileType = sourcecode.c.h; path = ocr_driver.h; sourceTree = "<group>"; };
		ECBA3C6125920A37001BC0A7 /* assets */ = {isa = PBXFileReference; lastKnownFileType = folder; name = assets; path = ../../assets; sourceTree = "<group>"; };
		ECD14A002505F88C00271443 /* face_detect_mesh.cc */ = {isa = PBXFileReference; lastKnownFileType = sourcecode.cpp.cpp; path = face_detect_mesh.cc; sourceTree = "<group>"; };
		ECD14A012505F88C00271443 /* face_detect_mesh.h */ = {isa = PBXFileReference; lastKnownFileType = sourcecode.c.h; path = face_detect_mesh.h; sourceTree = "<group>"; };
		ECD14A032505FE1700271443 /* TNNFaceDetectMeshViewModel.mm */ = {isa = PBXFileReference; lastKnownFileType = sourcecode.cpp.objcpp; path = TNNFaceDetectMeshViewModel.mm; sourceTree = "<group>"; };
		ECD14A052505FE3100271443 /* TNNFaceDetectMeshViewModel.h */ = {isa = PBXFileReference; lastKnownFileType = sourcecode.c.h; path = TNNFaceDetectMeshViewModel.h; sourceTree = "<group>"; };
		ECD946592559266D00BF9214 /* hair_segmentation.h */ = {isa = PBXFileReference; fileEncoding = 4; lastKnownFileType = sourcecode.c.h; path = hair_segmentation.h; sourceTree = "<group>"; };
		ECD9465A2559266D00BF9214 /* hair_segmentation.cc */ = {isa = PBXFileReference; fileEncoding = 4; lastKnownFileType = sourcecode.cpp.cpp; path = hair_segmentation.cc; sourceTree = "<group>"; };
		ECD946642559295A00BF9214 /* DYFlatButton.m */ = {isa = PBXFileReference; fileEncoding = 4; lastKnownFileType = sourcecode.c.objc; path = DYFlatButton.m; sourceTree = "<group>"; };
		ECD946652559295A00BF9214 /* UIColor+Utility.h */ = {isa = PBXFileReference; fileEncoding = 4; lastKnownFileType = sourcecode.c.h; path = "UIColor+Utility.h"; sourceTree = "<group>"; };
		ECD946662559295A00BF9214 /* UIColor+Utility.m */ = {isa = PBXFileReference; fileEncoding = 4; lastKnownFileType = sourcecode.c.objc; path = "UIColor+Utility.m"; sourceTree = "<group>"; };
		ECD946672559295A00BF9214 /* DYFlatButton.h */ = {isa = PBXFileReference; fileEncoding = 4; lastKnownFileType = sourcecode.c.h; path = DYFlatButton.h; sourceTree = "<group>"; };
		ECD9466B2559296C00BF9214 /* TNNHairSegmentationViewModel.h */ = {isa = PBXFileReference; fileEncoding = 4; lastKnownFileType = sourcecode.c.h; path = TNNHairSegmentationViewModel.h; sourceTree = "<group>"; };
		ECD9466C2559296C00BF9214 /* TNNHairSegmentationViewModel.mm */ = {isa = PBXFileReference; fileEncoding = 4; lastKnownFileType = sourcecode.cpp.objcpp; path = TNNHairSegmentationViewModel.mm; sourceTree = "<group>"; };
		ECD9466F2559298F00BF9214 /* TNNMaskImage.h */ = {isa = PBXFileReference; fileEncoding = 4; lastKnownFileType = sourcecode.c.h; path = TNNMaskImage.h; sourceTree = "<group>"; };
		ECD946702559298F00BF9214 /* TNNMaskImage.mm */ = {isa = PBXFileReference; fileEncoding = 4; lastKnownFileType = sourcecode.cpp.objcpp; path = TNNMaskImage.mm; sourceTree = "<group>"; };
		ECD9467B2559306700BF9214 /* logo@2x.png */ = {isa = PBXFileReference; lastKnownFileType = image.png; path = "logo@2x.png"; sourceTree = "<group>"; };
		ECDE53282637F602003FE508 /* object_detector_nanodet.cc */ = {isa = PBXFileReference; lastKnownFileType = sourcecode.cpp.cpp; path = object_detector_nanodet.cc; sourceTree = "<group>"; };
		ECDE53292637F602003FE508 /* object_detector_nanodet.h */ = {isa = PBXFileReference; lastKnownFileType = sourcecode.c.h; path = object_detector_nanodet.h; sourceTree = "<group>"; };
		ECDE532F2637FBE8003FE508 /* detector_utils.h */ = {isa = PBXFileReference; lastKnownFileType = sourcecode.c.h; path = detector_utils.h; sourceTree = "<group>"; };
		ECDE5331263811BA003FE508 /* TNNNanodetObjectDetectorViewModel.mm */ = {isa = PBXFileReference; lastKnownFileType = sourcecode.cpp.objcpp; path = TNNNanodetObjectDetectorViewModel.mm; sourceTree = "<group>"; };
		ECDE5335263811D2003FE508 /* TNNNanodetObjectDetectorViewModel.h */ = {isa = PBXFileReference; lastKnownFileType = sourcecode.c.h; path = TNNNanodetObjectDetectorViewModel.h; sourceTree = "<group>"; };
		ECEC5DB024FFCC6C0044DDF1 /* youtu_face_align.h */ = {isa = PBXFileReference; fileEncoding = 4; lastKnownFileType = sourcecode.c.h; path = youtu_face_align.h; sourceTree = "<group>"; };
		ECEC5DB124FFCC6C0044DDF1 /* youtu_face_align.cc */ = {isa = PBXFileReference; fileEncoding = 4; lastKnownFileType = sourcecode.cpp.cpp; path = youtu_face_align.cc; sourceTree = "<group>"; };
		ECEF96D924AED3980094CB8B /* object_detector_ssd.h */ = {isa = PBXFileReference; lastKnownFileType = sourcecode.c.h; path = object_detector_ssd.h; sourceTree = "<group>"; };
		ECEF96DC24AED66C0094CB8B /* object_detector_ssd.cc */ = {isa = PBXFileReference; fileEncoding = 4; lastKnownFileType = sourcecode.cpp.cpp; path = object_detector_ssd.cc; sourceTree = "<group>"; };
		ECF121CE2574E391006F79AC /* TNNSkeletonDetectorViewModel.mm */ = {isa = PBXFileReference; fileEncoding = 4; lastKnownFileType = sourcecode.cpp.objcpp; path = TNNSkeletonDetectorViewModel.mm; sourceTree = "<group>"; };
		ECF121CF2574E391006F79AC /* TNNSkeletonDetectorViewModel.h */ = {isa = PBXFileReference; fileEncoding = 4; lastKnownFileType = sourcecode.c.h; path = TNNSkeletonDetectorViewModel.h; sourceTree = "<group>"; };
		ECF121D42574E408006F79AC /* skeleton_detector.cc */ = {isa = PBXFileReference; fileEncoding = 4; lastKnownFileType = sourcecode.cpp.cpp; path = skeleton_detector.cc; sourceTree = "<group>"; };
		ECF121D52574E408006F79AC /* skeleton_detector.h */ = {isa = PBXFileReference; fileEncoding = 4; lastKnownFileType = sourcecode.c.h; path = skeleton_detector.h; sourceTree = "<group>"; };
		ECFA853F2603404100CF5233 /* TNNOCRViewModel.h */ = {isa = PBXFileReference; fileEncoding = 4; lastKnownFileType = sourcecode.c.h; path = TNNOCRViewModel.h; sourceTree = "<group>"; };
		ECFA85402603404100CF5233 /* TNNOCRViewModel.mm */ = {isa = PBXFileReference; fileEncoding = 4; lastKnownFileType = sourcecode.cpp.objcpp; path = TNNOCRViewModel.mm; sourceTree = "<group>"; };
/* End PBXFileReference section */

/* Begin PBXFrameworksBuildPhase section */
		9DD579E723B5A20500A96E63 /* Frameworks */ = {
			isa = PBXFrameworksBuildPhase;
			buildActionMask = 2147483647;
			files = (
				D1330F4E244AFBFF00CEBF29 /* AVFoundation.framework in Frameworks */,
				9D6A9F5F24268DD3000A5417 /* CoreMedia.framework in Frameworks */,
				9DD57A1923B5AD0100A96E63 /* Accelerate.framework in Frameworks */,
				9DD57A1723B5ACF900A96E63 /* Foundation.framework in Frameworks */,
				9DD57A1523B5ACEB00A96E63 /* CoreML.framework in Frameworks */,
				9DD57A1123B5A8D000A96E63 /* tnn.framework in Frameworks */,
			);
			runOnlyForDeploymentPostprocessing = 0;
		};
/* End PBXFrameworksBuildPhase section */

/* Begin PBXGroup section */
		9D04099E275332D400F04A98 /* TOSegmentedControl */ = {
			isa = PBXGroup;
			children = (
				9D04099F275332D400F04A98 /* TOSegmentedControl.h */,
				9D0409A3275332D400F04A98 /* TOSegmentedControl.m */,
				9D0409A0275332D400F04A98 /* Private */,
			);
			path = TOSegmentedControl;
			sourceTree = "<group>";
		};
		9D0409A0275332D400F04A98 /* Private */ = {
			isa = PBXGroup;
			children = (
				9D0409A1275332D400F04A98 /* TOSegmentedControlSegment.m */,
				9D0409A2275332D400F04A98 /* TOSegmentedControlSegment.h */,
			);
			path = Private;
			sourceTree = "<group>";
		};
		9D71E79724C4E92A00074C1A /* TNNImageClassifyController */ = {
			isa = PBXGroup;
			children = (
				9D71E79824C4E92A00074C1A /* synset.txt */,
				9D71E79924C4E92A00074C1A /* TNNImageClassifyController.h */,
				9D71E79A24C4E92A00074C1A /* TNNImageClassifyController.mm */,
				9D71E79B24C4E92A00074C1A /* tiger_cat.jpg */,
			);
			path = TNNImageClassifyController;
			sourceTree = "<group>";
		};
		9D71E79F24C4F35A00074C1A /* TNNImageColourController */ = {
			isa = PBXGroup;
			children = (
				9D71E7A024C4F35A00074C1A /* TNNImageColourController.h */,
				9D71E7A124C4F35A00074C1A /* gray_00001.jpg */,
				9D71E7A224C4F35A00074C1A /* TNNImageColourController.mm */,
			);
			path = TNNImageColourController;
			sourceTree = "<group>";
		};
		9D71E7A524C560C800074C1A /* TNNObjectDetectorController */ = {
			isa = PBXGroup;
			children = (
				9D71E7A624C560C800074C1A /* TNNObjectDetectorController.mm */,
				9D71E7A724C560C800074C1A /* TNNObjectDetectorController.h */,
				9D71E7A824C560C800074C1A /* 004545.jpg */,
			);
			path = TNNObjectDetectorController;
			sourceTree = "<group>";
		};
		9D71E7B724C5685F00074C1A /* TNNYoloObjectDetectorController */ = {
			isa = PBXGroup;
			children = (
				9D71E7B824C5685F00074C1A /* TNNYoloObjectDetectorController.h */,
				9D71E7B924C5685F00074C1A /* TNNYoloObjectDetectorController.mm */,
				9D71E7BA24C5685F00074C1A /* dog_cropped.jpg */,
			);
			path = TNNYoloObjectDetectorController;
			sourceTree = "<group>";
		};
		9D71E7C024C5BE1200074C1A /* TNNViewModel */ = {
			isa = PBXGroup;
			children = (
				9D9C2F2A277711500091EE75 /* TNNMonoDepthViewModel.h */,
				9D9C2F2B277711510091EE75 /* TNNMonoDepthViewModel.mm */,
				ECFA853F2603404100CF5233 /* TNNOCRViewModel.h */,
				ECFA85402603404100CF5233 /* TNNOCRViewModel.mm */,
				ECF121CF2574E391006F79AC /* TNNSkeletonDetectorViewModel.h */,
				ECF121CE2574E391006F79AC /* TNNSkeletonDetectorViewModel.mm */,
				ECD9466B2559296C00BF9214 /* TNNHairSegmentationViewModel.h */,
				ECD9466C2559296C00BF9214 /* TNNHairSegmentationViewModel.mm */,
				9D49E7A02504BA1D00DD81D7 /* TNNFaceDetectAlignerViewModel.h */,
				9D49E79F2504BA1D00DD81D7 /* TNNFaceDetectAlignerViewModel.mm */,
				9DC7116124D0189D00FA71FA /* TNNBlazeFaceDetectorViewModel.h */,
				9DC7116024D0189D00FA71FA /* TNNBlazeFaceDetectorViewModel.mm */,
				9D71E7CA24C8404100074C1A /* TNNYoloObjectDetectorViewModel.h */,
				9D71E7CB24C8404100074C1A /* TNNYoloObjectDetectorViewModel.mm */,
				9D71E7C824C5D1A600074C1A /* TNNSSDObjectDetectorViewModel.h */,
				9D71E7C724C5D1A600074C1A /* TNNSSDObjectDetectorViewModel.mm */,
				9D71E7C424C5BE7000074C1A /* TNNFaceDetectorViewModel.h */,
				9D71E7C524C5BE7000074C1A /* TNNFaceDetectorViewModel.mm */,
				9D71E7C124C5BE1200074C1A /* TNNViewModel.mm */,
				9D71E7C224C5BE1200074C1A /* TNNViewModel.h */,
				ECD14A032505FE1700271443 /* TNNFaceDetectMeshViewModel.mm */,
				ECD14A052505FE3100271443 /* TNNFaceDetectMeshViewModel.h */,
				EC2F9CC525369FE8005A5F28 /* TNNPoseDetectLandmarkViewModel.mm */,
				EC2F9CC92536A001005A5F28 /* TNNPoseDetectLandmarkViewModel.h */,
				ECDE5331263811BA003FE508 /* TNNNanodetObjectDetectorViewModel.mm */,
				ECDE5335263811D2003FE508 /* TNNNanodetObjectDetectorViewModel.h */,
			);
			path = TNNViewModel;
			sourceTree = "<group>";
		};
		9D8493C02510B4A400869EEF /* TNNExamplesController */ = {
			isa = PBXGroup;
			children = (
				9D8493C12510B4A400869EEF /* TNNExamplesListController.h */,
				9D8493C22510B4A400869EEF /* TNNExamplesListController.mm */,
				9D8493C32510B4A400869EEF /* TNNExamplesController.mm */,
				9D8493C42510B4A400869EEF /* TNNExamplesController.h */,
				9D8493C82510B52C00869EEF /* TNNExamplesListCell.m */,
				9D8493C72510B52C00869EEF /* TNNExamplesListCell.h */,
			);
			path = TNNExamplesController;
			sourceTree = "<group>";
		};
		9D9187DC242C30D500DF2B79 /* TNNFaceDetectorController */ = {
			isa = PBXGroup;
			children = (
				9D9187DD242C30D500DF2B79 /* TNNFaceDetectorController.h */,
				9D9187DE242C30D500DF2B79 /* test.jpg */,
				9D9187DF242C30D500DF2B79 /* TNNFaceDetectorController.mm */,
			);
			path = TNNFaceDetectorController;
			sourceTree = "<group>";
		};
		9DD579E123B5A20500A96E63 = {
			isa = PBXGroup;
			children = (
				9DD579EC23B5A20500A96E63 /* TNNExamples */,
				9DD579EB23B5A20500A96E63 /* Products */,
				9DD57A1023B5A8D000A96E63 /* Frameworks */,
			);
			sourceTree = "<group>";
		};
		9DD579EB23B5A20500A96E63 /* Products */ = {
			isa = PBXGroup;
			children = (
				9DD579EA23B5A20500A96E63 /* TNNExamples.app */,
			);
			name = Products;
			sourceTree = "<group>";
		};
		9DD579EC23B5A20500A96E63 /* TNNExamples */ = {
			isa = PBXGroup;
			children = (
				EC4B9737264D051E0015F32A /* TNNReadingComprehensionController */,
				ECBA3C6125920A37001BC0A7 /* assets */,
				EC9EC4F42583948F0090AEEA /* utils */,
				ECD9467B2559306700BF9214 /* logo@2x.png */,
				ECD946632559295A00BF9214 /* Component */,
				9DD57A0823B5A8C400A96E63 /* tnn.xcodeproj */,
				9DDED30B2429A839000C09EA /* base */,
				9DDED3092429A0BE000C09EA /* model */,
				9DD579ED23B5A20500A96E63 /* AppDelegate.h */,
				9DD579EE23B5A20500A96E63 /* AppDelegate.mm */,
				9DD579F023B5A20500A96E63 /* SceneDelegate.h */,
				9DD579F123B5A20500A96E63 /* SceneDelegate.mm */,
				9D961FEC24116548009B3FB1 /* RootNavController.h */,
				9D961FEB24116548009B3FB1 /* RootNavController.mm */,
				9D8493C02510B4A400869EEF /* TNNExamplesController */,
				ECAD84F724D7EFCC0074EA95 /* TNNFacemeshController */,
				EC4E1B4C24C97A0500B88179 /* TNNBlazefaceDetectorController */,
				9D71E7B724C5685F00074C1A /* TNNYoloObjectDetectorController */,
				9D71E7A524C560C800074C1A /* TNNObjectDetectorController */,
				9D71E79F24C4F35A00074C1A /* TNNImageColourController */,
				9D71E79724C4E92A00074C1A /* TNNImageClassifyController */,
				D1330F45244AC2D900CEBF29 /* TNNCameraPreviewController */,
				9D9187DC242C30D500DF2B79 /* TNNFaceDetectorController */,
				9DD579F923B5A20E00A96E63 /* Assets.xcassets */,
				9DD579F623B5A20500A96E63 /* Main.storyboard */,
				9DD579FB23B5A20E00A96E63 /* LaunchScreen.storyboard */,
				9DD579FE23B5A20E00A96E63 /* Info.plist */,
				9DD579FF23B5A20E00A96E63 /* main.m */,
				9D449863241D2D3A003FBAA2 /* UIImage+Utility.h */,
				9D449864241D2D56003FBAA2 /* UIImage+Utility.mm */,
			);
			path = TNNExamples;
			sourceTree = "<group>";
		};
		9DD57A0923B5A8C400A96E63 /* Products */ = {
			isa = PBXGroup;
			children = (
				9DD57A0D23B5A8C400A96E63 /* tnn.framework */,
			);
			name = Products;
			sourceTree = "<group>";
		};
		9DD57A1023B5A8D000A96E63 /* Frameworks */ = {
			isa = PBXGroup;
			children = (
				D1330F4D244AFBFF00CEBF29 /* AVFoundation.framework */,
				9D6A9F5E24268DD3000A5417 /* CoreMedia.framework */,
				9D6A9F5C24268DBF000A5417 /* CoreImage.framework */,
				9DD57A1823B5AD0100A96E63 /* Accelerate.framework */,
				9DD57A1623B5ACF900A96E63 /* Foundation.framework */,
				9DD57A1423B5ACEB00A96E63 /* CoreML.framework */,
			);
			name = Frameworks;
			sourceTree = "<group>";
		};
		9DDED30B2429A839000C09EA /* base */ = {
			isa = PBXGroup;
			children = (
				9D9C2F27277708710091EE75 /* monodepth.cc */,
				9D9C2F28277708710091EE75 /* monodepth.h */,
				EC4B9732264D04F60015F32A /* bert_tokenizer.cc */,
				EC4B9733264D04F70015F32A /* bert_tokenizer.h */,
				EC4B9734264D04F70015F32A /* macro.h */,
				ECF121D42574E408006F79AC /* skeleton_detector.cc */,
				ECF121D52574E408006F79AC /* skeleton_detector.h */,
				ECD9465A2559266D00BF9214 /* hair_segmentation.cc */,
				ECD946592559266D00BF9214 /* hair_segmentation.h */,
				EC2CF72B250797C800EE3899 /* image_classifier.cc */,
				EC2CF730250797C800EE3899 /* image_classifier.h */,
				EC2CF72E250797C800EE3899 /* sample_timer.cc */,
				EC2CF729250797C800EE3899 /* sample_timer.h */,
				EC2CF72C250797C800EE3899 /* tnn_sdk_sample.cc */,
				EC2CF72A250797C800EE3899 /* tnn_sdk_sample.h */,
				EC2CF72F250797C800EE3899 /* ultra_face_detector.cc */,
				EC2CF72D250797C800EE3899 /* ultra_face_detector.h */,
				9D49E7A22504BB5D00DD81D7 /* face_detect_aligner.cc */,
				9D49E7A32504BB5D00DD81D7 /* face_detect_aligner.h */,
				ECEC5DB124FFCC6C0044DDF1 /* youtu_face_align.cc */,
				ECEC5DB024FFCC6C0044DDF1 /* youtu_face_align.h */,
				9D71E79124C1980700074C1A /* tnn_fps_counter.cc */,
				9D71E79224C1980700074C1A /* tnn_fps_counter.h */,
				9DF1A0B724A8987C00E1376D /* face_gray_transfer.cc */,
				9DF1A0B624A8987C00E1376D /* face_gray_transfer.h */,
				ECEF96DC24AED66C0094CB8B /* object_detector_ssd.cc */,
				ECEF96D924AED3980094CB8B /* object_detector_ssd.h */,
				EC1B9AA724BC0B7B0003A742 /* object_detector_yolo.cc */,
				EC1B9AA624BC0B4B0003A742 /* object_detector_yolo.h */,
				EC4E1B5224C97A5E00B88179 /* blazeface_detector.cc */,
				EC4E1B5324C97A5E00B88179 /* blazeface_detector.h */,
				ECAD84FB24D7F0AE0074EA95 /* face_mesh.cc */,
				ECAD84FC24D7F0AE0074EA95 /* face_mesh.h */,
				ECD14A002505F88C00271443 /* face_detect_mesh.cc */,
				ECD14A012505F88C00271443 /* face_detect_mesh.h */,
				EC2F9CCA2536A14F005A5F28 /* blazepose_detector.cc */,
				EC2F9CCB2536A14F005A5F28 /* blazepose_detector.h */,
				EC2F9CDD25371536005A5F28 /* blazepose_landmark.cc */,
				EC2F9CDE25371536005A5F28 /* blazepose_landmark.h */,
				EC2F9CE325371769005A5F28 /* pose_detect_landmark.cc */,
				EC2F9CE425371769005A5F28 /* pose_detect_landmark.h */,
				ECB077DC25FA0A2F007B1498 /* ocr_textbox_detector.cc */,
				ECB077DD25FA0A2F007B1498 /* ocr_textbox_detector.h */,
				ECB077DF25FA0A5B007B1498 /* ocr_angle_predictor.cc */,
				ECB077E025FA0A5B007B1498 /* ocr_angle_predictor.h */,
				ECB077E225FA0ABD007B1498 /* ocr_text_recognizer.cc */,
				ECB077E325FA0ABD007B1498 /* ocr_text_recognizer.h */,
				ECB077E525FA0AFA007B1498 /* ocr_driver.cc */,
				ECB077E625FA0AFA007B1498 /* ocr_driver.h */,
				ECDE53282637F602003FE508 /* object_detector_nanodet.cc */,
				ECDE53292637F602003FE508 /* object_detector_nanodet.h */,
			);
			name = base;
			path = ../../base;
			sourceTree = "<group>";
		};
		D1330F45244AC2D900CEBF29 /* TNNCameraPreviewController */ = {
			isa = PBXGroup;
			children = (
				9D71E7C024C5BE1200074C1A /* TNNViewModel */,
				D1330F49244AC4FA00CEBF29 /* CameraDevice */,
				D1330F46244AC2D900CEBF29 /* TNNCameraPreviewController.mm */,
				D1330F48244AC30E00CEBF29 /* TNNCameraPreviewController.h */,
			);
			path = TNNCameraPreviewController;
			sourceTree = "<group>";
		};
		D1330F49244AC4FA00CEBF29 /* CameraDevice */ = {
			isa = PBXGroup;
			children = (
				ECD9466F2559298F00BF9214 /* TNNMaskImage.h */,
				ECD946702559298F00BF9214 /* TNNMaskImage.mm */,
				D18F1F1B244B4689002E71CA /* camera_rotate_fill.png */,
				D1330F4B244AC4FA00CEBF29 /* TNNCameraVideoDevice.h */,
				D1330F4A244AC4FA00CEBF29 /* TNNCameraVideoDevice.mm */,
				9D71E78924C0AF4200074C1A /* TNNBoundingBox.h */,
				9D71E78A24C0AF4200074C1A /* TNNBoundingBox.mm */,
			);
			path = CameraDevice;
			sourceTree = "<group>";
		};
		EC4B9737264D051E0015F32A /* TNNReadingComprehensionController */ = {
			isa = PBXGroup;
			children = (
				EC4B9738264D05640015F32A /* TNNReadingComprehensionController.mm */,
				EC4B973E264D05840015F32A /* TNNReadingComprehensionController.h */,
			);
			path = TNNReadingComprehensionController;
			sourceTree = "<group>";
		};
		EC4E1B4C24C97A0500B88179 /* TNNBlazefaceDetectorController */ = {
			isa = PBXGroup;
			children = (
				EC4E1B4D24C97A0500B88179 /* test_blazeface.jpg */,
				EC4E1B4E24C97A0500B88179 /* TNNBlazefaceDetectorController.h */,
				EC4E1B4F24C97A0500B88179 /* TNNBlazefaceDetectorController.mm */,
			);
			path = TNNBlazefaceDetectorController;
			sourceTree = "<group>";
		};
		EC9EC4F42583948F0090AEEA /* utils */ = {
			isa = PBXGroup;
			children = (
				EC1DF1802609D1F100AB11D1 /* clipper.cc */,
				EC1DF17F2609D1F100AB11D1 /* clipper.h */,
				EC9EC4F52583948F0090AEEA /* time_stamp.h */,
				EC9EC4F62583948F0090AEEA /* relative_velocity_filter.cc */,
				EC9EC4F72583948F0090AEEA /* low_pass_filter.cc */,
				EC9EC4F82583948F0090AEEA /* time_stamp.cc */,
				EC9EC4F92583948F0090AEEA /* low_pass_filter.h */,
				EC9EC4FA2583948F0090AEEA /* landmark_smoothing_filter.h */,
				EC9EC4FB2583948F0090AEEA /* landmark_smoothing_filter.cc */,
				EC9EC4FC2583948F0090AEEA /* relative_velocity_filter.h */,
				ECDE532F2637FBE8003FE508 /* detector_utils.h */,
			);
			name = utils;
			path = ../../utils;
			sourceTree = "<group>";
		};
		ECAD84F724D7EFCC0074EA95 /* TNNFacemeshController */ = {
			isa = PBXGroup;
			children = (
				ECAD84FE24D801690074EA95 /* test_facemesh.jpg */,
				ECAD84F824D7F01E0074EA95 /* TNNFacemeshController.mm */,
				ECAD84FA24D7F0400074EA95 /* TNNFacemeshController.h */,
			);
			path = TNNFacemeshController;
			sourceTree = "<group>";
		};
		ECD946632559295A00BF9214 /* Component */ = {
			isa = PBXGroup;
			children = (
				9D04099E275332D400F04A98 /* TOSegmentedControl */,
				ECD946642559295A00BF9214 /* DYFlatButton.m */,
				ECD946652559295A00BF9214 /* UIColor+Utility.h */,
				ECD946662559295A00BF9214 /* UIColor+Utility.m */,
				ECD946672559295A00BF9214 /* DYFlatButton.h */,
			);
			path = Component;
			sourceTree = "<group>";
		};
/* End PBXGroup section */

/* Begin PBXNativeTarget section */
		9DD579E923B5A20500A96E63 /* TNNExamples */ = {
			isa = PBXNativeTarget;
			buildConfigurationList = 9DD57A0323B5A20E00A96E63 /* Build configuration list for PBXNativeTarget "TNNExamples" */;
			buildPhases = (
				9DD579E623B5A20500A96E63 /* Sources */,
				9DD579E723B5A20500A96E63 /* Frameworks */,
				9DD579E823B5A20500A96E63 /* Resources */,
				9DD57A1323B5A91700A96E63 /* ShellScript */,
			);
			buildRules = (
			);
			dependencies = (
				9DD57A0F23B5A8CB00A96E63 /* PBXTargetDependency */,
			);
			name = TNNExamples;
			productName = TNNExamples;
			productReference = 9DD579EA23B5A20500A96E63 /* TNNExamples.app */;
			productType = "com.apple.product-type.application";
		};
/* End PBXNativeTarget section */

/* Begin PBXProject section */
		9DD579E223B5A20500A96E63 /* Project object */ = {
			isa = PBXProject;
			attributes = {
				LastUpgradeCheck = 1130;
				ORGANIZATIONNAME = tencent;
				TargetAttributes = {
					9DD579E923B5A20500A96E63 = {
						CreatedOnToolsVersion = 11.3;
					};
				};
			};
			buildConfigurationList = 9DD579E523B5A20500A96E63 /* Build configuration list for PBXProject "TNNExamples" */;
			compatibilityVersion = "Xcode 9.3";
			developmentRegion = en;
			hasScannedForEncodings = 0;
			knownRegions = (
				en,
				Base,
			);
			mainGroup = 9DD579E123B5A20500A96E63;
			productRefGroup = 9DD579EB23B5A20500A96E63 /* Products */;
			projectDirPath = "";
			projectReferences = (
				{
					ProductGroup = 9DD57A0923B5A8C400A96E63 /* Products */;
					ProjectRef = 9DD57A0823B5A8C400A96E63 /* tnn.xcodeproj */;
				},
			);
			projectRoot = "";
			targets = (
				9DD579E923B5A20500A96E63 /* TNNExamples */,
			);
		};
/* End PBXProject section */

/* Begin PBXReferenceProxy section */
		9DD57A0D23B5A8C400A96E63 /* tnn.framework */ = {
			isa = PBXReferenceProxy;
			fileType = wrapper.framework;
			path = tnn.framework;
			remoteRef = 9DD57A0C23B5A8C400A96E63 /* PBXContainerItemProxy */;
			sourceTree = BUILT_PRODUCTS_DIR;
		};
/* End PBXReferenceProxy section */

/* Begin PBXResourcesBuildPhase section */
		9DD579E823B5A20500A96E63 /* Resources */ = {
			isa = PBXResourcesBuildPhase;
			buildActionMask = 2147483647;
			files = (
				ECBA3C6225920A37001BC0A7 /* assets in Resources */,
				9D71E7A324C4F35A00074C1A /* gray_00001.jpg in Resources */,
				EC4E1B5024C97A0600B88179 /* test_blazeface.jpg in Resources */,
				9DD579FD23B5A20E00A96E63 /* LaunchScreen.storyboard in Resources */,
				9D9187E3242C30D600DF2B79 /* test.jpg in Resources */,
				9D71E7B024C560C900074C1A /* 004545.jpg in Resources */,
				D18F1F1C244B4689002E71CA /* camera_rotate_fill.png in Resources */,
				9DDED30A2429A0BE000C09EA /* model in Resources */,
				ECAD84FF24D801690074EA95 /* test_facemesh.jpg in Resources */,
				9D71E7BC24C5685F00074C1A /* dog_cropped.jpg in Resources */,
				9D71E79C24C4E92A00074C1A /* synset.txt in Resources */,
				9DD579FA23B5A20E00A96E63 /* Assets.xcassets in Resources */,
				ECD9467C2559306800BF9214 /* logo@2x.png in Resources */,
				9D71E79E24C4E92A00074C1A /* tiger_cat.jpg in Resources */,
				9DD579F823B5A20500A96E63 /* Main.storyboard in Resources */,
			);
			runOnlyForDeploymentPostprocessing = 0;
		};
/* End PBXResourcesBuildPhase section */

/* Begin PBXShellScriptBuildPhase section */
		9DD57A1323B5A91700A96E63 /* ShellScript */ = {
			isa = PBXShellScriptBuildPhase;
			buildActionMask = 2147483647;
			files = (
			);
			inputFileListPaths = (
			);
			inputPaths = (
			);
			outputFileListPaths = (
			);
			outputPaths = (
			);
			runOnlyForDeploymentPostprocessing = 0;
			shellPath = /bin/sh;
			shellScript = "echo $TARGET_BUILD_DIR\ncp $TARGET_BUILD_DIR/tnn.framework/default.metallib $TARGET_BUILD_DIR/$TARGET_NAME.app/tnn.metallib\n";
		};
/* End PBXShellScriptBuildPhase section */

/* Begin PBXSourcesBuildPhase section */
		9DD579E623B5A20500A96E63 /* Sources */ = {
			isa = PBXSourcesBuildPhase;
			buildActionMask = 2147483647;
			files = (
				9D71E79D24C4E92A00074C1A /* TNNImageClassifyController.mm in Sources */,
				EC2F9CE525371769005A5F28 /* pose_detect_landmark.cc in Sources */,
				EC2F9CCC2536A14F005A5F28 /* blazepose_detector.cc in Sources */,
				9D71E7CC24C8404100074C1A /* TNNYoloObjectDetectorViewModel.mm in Sources */,
				9D71E7C324C5BE1200074C1A /* TNNViewModel.mm in Sources */,
				9D71E7BB24C5685F00074C1A /* TNNYoloObjectDetectorController.mm in Sources */,
				ECEC5DB224FFCC6C0044DDF1 /* youtu_face_align.cc in Sources */,
				9DC7116224D0189D00FA71FA /* TNNBlazeFaceDetectorViewModel.mm in Sources */,
				9DD579EF23B5A20500A96E63 /* AppDelegate.mm in Sources */,
				ECB077E425FA0ABD007B1498 /* ocr_text_recognizer.cc in Sources */,
				EC2CF731250797C800EE3899 /* image_classifier.cc in Sources */,
				9D0409A5275332D400F04A98 /* TOSegmentedControl.m in Sources */,
				9D8493C52510B4A400869EEF /* TNNExamplesListController.mm in Sources */,
				ECD9465B2559266D00BF9214 /* hair_segmentation.cc in Sources */,
				ECD946682559295A00BF9214 /* DYFlatButton.m in Sources */,
				ECB077E725FA0AFA007B1498 /* ocr_driver.cc in Sources */,
				ECB077E125FA0A5B007B1498 /* ocr_angle_predictor.cc in Sources */,
				ECD14A022505F88C00271443 /* face_detect_mesh.cc in Sources */,
				ECF121D62574E408006F79AC /* skeleton_detector.cc in Sources */,
				9D71E7C924C5D1A600074C1A /* TNNSSDObjectDetectorViewModel.mm in Sources */,
				9DD57A0023B5A20E00A96E63 /* main.m in Sources */,
				EC4E1B5124C97A0600B88179 /* TNNBlazefaceDetectorController.mm in Sources */,
				EC2F9CC625369FE8005A5F28 /* TNNPoseDetectLandmarkViewModel.mm in Sources */,
				9DD579F223B5A20500A96E63 /* SceneDelegate.mm in Sources */,
				9D9C2F29277708710091EE75 /* monodepth.cc in Sources */,
				9D449865241D2D56003FBAA2 /* UIImage+Utility.mm in Sources */,
				EC9EC5002583948F0090AEEA /* landmark_smoothing_filter.cc in Sources */,
				9D71E7C624C5BE7000074C1A /* TNNFaceDetectorViewModel.mm in Sources */,
				ECB077DE25FA0A2F007B1498 /* ocr_textbox_detector.cc in Sources */,
				ECDE532A2637F602003FE508 /* object_detector_nanodet.cc in Sources */,
				9D49E7A12504BA1D00DD81D7 /* TNNFaceDetectAlignerViewModel.mm in Sources */,
				EC1DF1812609D1F200AB11D1 /* clipper.cc in Sources */,
				ECD14A042505FE1700271443 /* TNNFaceDetectMeshViewModel.mm in Sources */,
				EC9EC4FD2583948F0090AEEA /* relative_velocity_filter.cc in Sources */,
				9D71E7AF24C560C900074C1A /* TNNObjectDetectorController.mm in Sources */,
				ECDE5332263811BA003FE508 /* TNNNanodetObjectDetectorViewModel.mm in Sources */,
				EC9EC4FE2583948F0090AEEA /* low_pass_filter.cc in Sources */,
				ECFA85412603404200CF5233 /* TNNOCRViewModel.mm in Sources */,
				ECD946692559295A00BF9214 /* UIColor+Utility.m in Sources */,
				ECEF96DD24AED66D0094CB8B /* object_detector_ssd.cc in Sources */,
				9D49E7A42504BB5D00DD81D7 /* face_detect_aligner.cc in Sources */,
				ECAD84F924D7F01E0074EA95 /* TNNFacemeshController.mm in Sources */,
				EC4B9739264D05640015F32A /* TNNReadingComprehensionController.mm in Sources */,
				9D0409A4275332D400F04A98 /* TOSegmentedControlSegment.m in Sources */,
				9D9187E4242C30D600DF2B79 /* TNNFaceDetectorController.mm in Sources */,
				ECF121D02574E391006F79AC /* TNNSkeletonDetectorViewModel.mm in Sources */,
				9D9C2F2C277711510091EE75 /* TNNMonoDepthViewModel.mm in Sources */,
				EC4E1B5424C97A5E00B88179 /* blazeface_detector.cc in Sources */,
				9D71E7A424C4F35A00074C1A /* TNNImageColourController.mm in Sources */,
				ECAD84FD24D7F0AE0074EA95 /* face_mesh.cc in Sources */,
				EC2F9CDF25371536005A5F28 /* blazepose_landmark.cc in Sources */,
				D1330F4C244AC4FA00CEBF29 /* TNNCameraVideoDevice.mm in Sources */,
				9D8493C92510B52C00869EEF /* TNNExamplesListCell.m in Sources */,
				9D71E78B24C0AF4200074C1A /* TNNBoundingBox.mm in Sources */,
				EC9EC4FF2583948F0090AEEA /* time_stamp.cc in Sources */,
				9D961FED24116548009B3FB1 /* RootNavController.mm in Sources */,
				ECD946712559298F00BF9214 /* TNNMaskImage.mm in Sources */,
				ECD9466D2559296D00BF9214 /* TNNHairSegmentationViewModel.mm in Sources */,
				EC2CF734250797C800EE3899 /* ultra_face_detector.cc in Sources */,
				EC2CF732250797C800EE3899 /* tnn_sdk_sample.cc in Sources */,
				D1330F47244AC2D900CEBF29 /* TNNCameraPreviewController.mm in Sources */,
				9DF1A0B824A8987C00E1376D /* face_gray_transfer.cc in Sources */,
				EC1B9AA824BC0B7B0003A742 /* object_detector_yolo.cc in Sources */,
				EC4B9735264D04F70015F32A /* bert_tokenizer.cc in Sources */,
				EC2CF733250797C800EE3899 /* sample_timer.cc in Sources */,
				9D71E79324C1980700074C1A /* tnn_fps_counter.cc in Sources */,
				9D8493C62510B4A400869EEF /* TNNExamplesController.mm in Sources */,
			);
			runOnlyForDeploymentPostprocessing = 0;
		};
/* End PBXSourcesBuildPhase section */

/* Begin PBXTargetDependency section */
		9DD57A0F23B5A8CB00A96E63 /* PBXTargetDependency */ = {
			isa = PBXTargetDependency;
			name = tnn;
			targetProxy = 9DD57A0E23B5A8CB00A96E63 /* PBXContainerItemProxy */;
		};
/* End PBXTargetDependency section */

/* Begin PBXVariantGroup section */
		9DD579F623B5A20500A96E63 /* Main.storyboard */ = {
			isa = PBXVariantGroup;
			children = (
				9DD579F723B5A20500A96E63 /* Base */,
			);
			name = Main.storyboard;
			sourceTree = "<group>";
		};
		9DD579FB23B5A20E00A96E63 /* LaunchScreen.storyboard */ = {
			isa = PBXVariantGroup;
			children = (
				9DD579FC23B5A20E00A96E63 /* Base */,
			);
			name = LaunchScreen.storyboard;
			sourceTree = "<group>";
		};
/* End PBXVariantGroup section */

/* Begin XCBuildConfiguration section */
		9DD57A0123B5A20E00A96E63 /* Debug */ = {
			isa = XCBuildConfiguration;
			buildSettings = {
				ALWAYS_SEARCH_USER_PATHS = NO;
				CLANG_ANALYZER_NONNULL = YES;
				CLANG_ANALYZER_NUMBER_OBJECT_CONVERSION = YES_AGGRESSIVE;
				CLANG_CXX_LANGUAGE_STANDARD = "gnu++14";
				CLANG_CXX_LIBRARY = "libc++";
				CLANG_ENABLE_MODULES = YES;
				CLANG_ENABLE_OBJC_ARC = YES;
				CLANG_ENABLE_OBJC_WEAK = YES;
				CLANG_WARN_BLOCK_CAPTURE_AUTORELEASING = YES;
				CLANG_WARN_BOOL_CONVERSION = YES;
				CLANG_WARN_COMMA = YES;
				CLANG_WARN_CONSTANT_CONVERSION = YES;
				CLANG_WARN_DEPRECATED_OBJC_IMPLEMENTATIONS = YES;
				CLANG_WARN_DIRECT_OBJC_ISA_USAGE = YES_ERROR;
				CLANG_WARN_DOCUMENTATION_COMMENTS = YES;
				CLANG_WARN_EMPTY_BODY = YES;
				CLANG_WARN_ENUM_CONVERSION = YES;
				CLANG_WARN_INFINITE_RECURSION = YES;
				CLANG_WARN_INT_CONVERSION = YES;
				CLANG_WARN_NON_LITERAL_NULL_CONVERSION = YES;
				CLANG_WARN_OBJC_IMPLICIT_RETAIN_SELF = YES;
				CLANG_WARN_OBJC_LITERAL_CONVERSION = YES;
				CLANG_WARN_OBJC_ROOT_CLASS = YES_ERROR;
				CLANG_WARN_RANGE_LOOP_ANALYSIS = YES;
				CLANG_WARN_STRICT_PROTOTYPES = YES;
				CLANG_WARN_SUSPICIOUS_MOVE = YES;
				CLANG_WARN_UNGUARDED_AVAILABILITY = YES_AGGRESSIVE;
				CLANG_WARN_UNREACHABLE_CODE = YES;
				CLANG_WARN__DUPLICATE_METHOD_MATCH = YES;
				COPY_PHASE_STRIP = NO;
				DEBUG_INFORMATION_FORMAT = dwarf;
				ENABLE_STRICT_OBJC_MSGSEND = YES;
				ENABLE_TESTABILITY = YES;
				GCC_C_LANGUAGE_STANDARD = gnu11;
				GCC_DYNAMIC_NO_PIC = NO;
				GCC_NO_COMMON_BLOCKS = YES;
				GCC_OPTIMIZATION_LEVEL = 0;
				GCC_PREPROCESSOR_DEFINITIONS = (
					"DEBUG=1",
					"$(inherited)",
				);
				GCC_WARN_64_TO_32_BIT_CONVERSION = YES;
				GCC_WARN_ABOUT_RETURN_TYPE = YES_ERROR;
				GCC_WARN_UNDECLARED_SELECTOR = YES;
				GCC_WARN_UNINITIALIZED_AUTOS = YES_AGGRESSIVE;
				GCC_WARN_UNUSED_FUNCTION = YES;
				GCC_WARN_UNUSED_VARIABLE = YES;
				IPHONEOS_DEPLOYMENT_TARGET = 13.2;
				MTL_ENABLE_DEBUG_INFO = INCLUDE_SOURCE;
				MTL_FAST_MATH = YES;
				ONLY_ACTIVE_ARCH = YES;
				SDKROOT = iphoneos;
			};
			name = Debug;
		};
		9DD57A0223B5A20E00A96E63 /* Release */ = {
			isa = XCBuildConfiguration;
			buildSettings = {
				ALWAYS_SEARCH_USER_PATHS = NO;
				CLANG_ANALYZER_NONNULL = YES;
				CLANG_ANALYZER_NUMBER_OBJECT_CONVERSION = YES_AGGRESSIVE;
				CLANG_CXX_LANGUAGE_STANDARD = "gnu++14";
				CLANG_CXX_LIBRARY = "libc++";
				CLANG_ENABLE_MODULES = YES;
				CLANG_ENABLE_OBJC_ARC = YES;
				CLANG_ENABLE_OBJC_WEAK = YES;
				CLANG_WARN_BLOCK_CAPTURE_AUTORELEASING = YES;
				CLANG_WARN_BOOL_CONVERSION = YES;
				CLANG_WARN_COMMA = YES;
				CLANG_WARN_CONSTANT_CONVERSION = YES;
				CLANG_WARN_DEPRECATED_OBJC_IMPLEMENTATIONS = YES;
				CLANG_WARN_DIRECT_OBJC_ISA_USAGE = YES_ERROR;
				CLANG_WARN_DOCUMENTATION_COMMENTS = YES;
				CLANG_WARN_EMPTY_BODY = YES;
				CLANG_WARN_ENUM_CONVERSION = YES;
				CLANG_WARN_INFINITE_RECURSION = YES;
				CLANG_WARN_INT_CONVERSION = YES;
				CLANG_WARN_NON_LITERAL_NULL_CONVERSION = YES;
				CLANG_WARN_OBJC_IMPLICIT_RETAIN_SELF = YES;
				CLANG_WARN_OBJC_LITERAL_CONVERSION = YES;
				CLANG_WARN_OBJC_ROOT_CLASS = YES_ERROR;
				CLANG_WARN_RANGE_LOOP_ANALYSIS = YES;
				CLANG_WARN_STRICT_PROTOTYPES = YES;
				CLANG_WARN_SUSPICIOUS_MOVE = YES;
				CLANG_WARN_UNGUARDED_AVAILABILITY = YES_AGGRESSIVE;
				CLANG_WARN_UNREACHABLE_CODE = YES;
				CLANG_WARN__DUPLICATE_METHOD_MATCH = YES;
				COPY_PHASE_STRIP = NO;
				DEBUG_INFORMATION_FORMAT = "dwarf-with-dsym";
				ENABLE_NS_ASSERTIONS = NO;
				ENABLE_STRICT_OBJC_MSGSEND = YES;
				GCC_C_LANGUAGE_STANDARD = gnu11;
				GCC_NO_COMMON_BLOCKS = YES;
				GCC_WARN_64_TO_32_BIT_CONVERSION = YES;
				GCC_WARN_ABOUT_RETURN_TYPE = YES_ERROR;
				GCC_WARN_UNDECLARED_SELECTOR = YES;
				GCC_WARN_UNINITIALIZED_AUTOS = YES_AGGRESSIVE;
				GCC_WARN_UNUSED_FUNCTION = YES;
				GCC_WARN_UNUSED_VARIABLE = YES;
				IPHONEOS_DEPLOYMENT_TARGET = 13.2;
				MTL_ENABLE_DEBUG_INFO = NO;
				MTL_FAST_MATH = YES;
				SDKROOT = iphoneos;
				VALIDATE_PRODUCT = YES;
			};
			name = Release;
		};
		9DD57A0423B5A20E00A96E63 /* Debug */ = {
			isa = XCBuildConfiguration;
			buildSettings = {
				ASSETCATALOG_COMPILER_APPICON_NAME = AppIcon;
				CODE_SIGN_STYLE = Automatic;
				DEVELOPMENT_TEAM = KRV6Z3R3GM;
				ENABLE_BITCODE = NO;
				FRAMEWORK_SEARCH_PATHS = (
					"$(inherited)",
					"$(PROJECT_DIR)/TNNExamples",
					"$(PROJECT_DIR)/../../third_party/opencv/iOS",
				);
				HEADER_SEARCH_PATHS = "";
				INFOPLIST_FILE = TNNExamples/Info.plist;
				IPHONEOS_DEPLOYMENT_TARGET = 9.0;
				LD_RUNPATH_SEARCH_PATHS = (
					"$(inherited)",
					"@executable_path/Frameworks",
				);
				OTHER_LDFLAGS = (
					"-force_load",
					"$(BUILD_DIR)/$(CONFIGURATION)$(EFFECTIVE_PLATFORM_NAME)/tnn.framework/tnn",
				);
				PRODUCT_BUNDLE_IDENTIFIER = com.tencent.youtu.devandong.TNNExmaples5433;
				PRODUCT_NAME = "$(TARGET_NAME)";
				TARGETED_DEVICE_FAMILY = "1,2";
				VALID_ARCHS = arm64;
			};
			name = Debug;
		};
		9DD57A0523B5A20E00A96E63 /* Release */ = {
			isa = XCBuildConfiguration;
			buildSettings = {
				ASSETCATALOG_COMPILER_APPICON_NAME = AppIcon;
				CODE_SIGN_STYLE = Automatic;
				DEVELOPMENT_TEAM = KRV6Z3R3GM;
				ENABLE_BITCODE = NO;
				FRAMEWORK_SEARCH_PATHS = (
					"$(inherited)",
					"$(PROJECT_DIR)/TNNExamples",
					"$(PROJECT_DIR)/../../third_party/opencv/iOS",
				);
				HEADER_SEARCH_PATHS = "";
				INFOPLIST_FILE = TNNExamples/Info.plist;
				IPHONEOS_DEPLOYMENT_TARGET = 9.0;
				LD_RUNPATH_SEARCH_PATHS = (
					"$(inherited)",
					"@executable_path/Frameworks",
				);
				OTHER_LDFLAGS = (
					"-force_load",
					"$(BUILD_DIR)/$(CONFIGURATION)$(EFFECTIVE_PLATFORM_NAME)/tnn.framework/tnn",
				);
				PRODUCT_BUNDLE_IDENTIFIER = com.tencent.youtu.devandong.TNNExmaples5433;
				PRODUCT_NAME = "$(TARGET_NAME)";
				TARGETED_DEVICE_FAMILY = "1,2";
				VALID_ARCHS = arm64;
			};
			name = Release;
		};
/* End XCBuildConfiguration section */

/* Begin XCConfigurationList section */
		9DD579E523B5A20500A96E63 /* Build configuration list for PBXProject "TNNExamples" */ = {
			isa = XCConfigurationList;
			buildConfigurations = (
				9DD57A0123B5A20E00A96E63 /* Debug */,
				9DD57A0223B5A20E00A96E63 /* Release */,
			);
			defaultConfigurationIsVisible = 0;
			defaultConfigurationName = Release;
		};
		9DD57A0323B5A20E00A96E63 /* Build configuration list for PBXNativeTarget "TNNExamples" */ = {
			isa = XCConfigurationList;
			buildConfigurations = (
				9DD57A0423B5A20E00A96E63 /* Debug */,
				9DD57A0523B5A20E00A96E63 /* Release */,
			);
			defaultConfigurationIsVisible = 0;
			defaultConfigurationName = Release;
		};
/* End XCConfigurationList section */
	};
	rootObject = 9DD579E223B5A20500A96E63 /* Project object */;
}
